PODS:
  - ARCL (1.3.0)
  - CocoaLumberjack/Core (3.6.2)
  - CocoaLumberjack/Swift (3.6.2):
    - CocoaLumberjack/Core

DEPENDENCIES:
  - ARCL
  - CocoaLumberjack/Swift

SPEC REPOS:
  trunk:
    - ARCL
    - CocoaLumberjack

SPEC CHECKSUMS:
  ARCL: db48b6927d6f3f49f29568295ed91c94ab8d4aab
  CocoaLumberjack: bd155f2dd06c0e0b03f876f7a3ee55693122ec94

PODFILE CHECKSUM: 798ebac8292bda70c7613f7255adea0cbfa548c2

COCOAPODS: 1.9.3
