// !$*UTF8*$!
{
	archiveVersion = 1;
	classes = {
	};
	objectVersion = 51;
	objects = {

/* Begin PBXBuildFile section */
		280A8F8224E7D21000C4AD46 /* KU.dae in Resources */ = {isa = PBXBuildFile; fileRef = 280A8F8124E7D21000C4AD46 /* KU.dae */; };
		280A8F8424E91EB800C4AD46 /* materials.mtl in Resources */ = {isa = PBXBuildFile; fileRef = 280A8F8324E91EB800C4AD46 /* materials.mtl */; };
		28247C1C24DE6BE200F89AAA /* Pos.swift in Sources */ = {isa = PBXBuildFile; fileRef = 28247C1B24DE6BE200F89AAA /* Pos.swift */; };
		28468B2124E179B00098AD96 /* HttpRequest.swift in Sources */ = {isa = PBXBuildFile; fileRef = 28468B2024E179B00098AD96 /* HttpRequest.swift */; };
		28468B2424E188640098AD96 /* Pretreatment .swift in Sources */ = {isa = PBXBuildFile; fileRef = 28468B2324E188640098AD96 /* Pretreatment .swift */; };
		286AE66B24D5639F004018E5 /* MapViewTab2.swift in Sources */ = {isa = PBXBuildFile; fileRef = 286AE66A24D5639F004018E5 /* MapViewTab2.swift */; };
		28CDF7EE24CC211E000EF9E9 /* Tab1SelectRoute.swift in Sources */ = {isa = PBXBuildFile; fileRef = 28CDF7ED24CC211E000EF9E9 /* Tab1SelectRoute.swift */; };
		28CDF7F024CC24AE000EF9E9 /* Tab1Tour.swift in Sources */ = {isa = PBXBuildFile; fileRef = 28CDF7EF24CC24AE000EF9E9 /* Tab1Tour.swift */; };
		28CDF7F224CC2543000EF9E9 /* AR&MapWebView.swift in Sources */ = {isa = PBXBuildFile; fileRef = 28CDF7F124CC2543000EF9E9 /* AR&MapWebView.swift */; };
		28CDF7F424CC3198000EF9E9 /* ARSceneView.swift in Sources */ = {isa = PBXBuildFile; fileRef = 28CDF7F324CC3198000EF9E9 /* ARSceneView.swift */; };
		28D58F8124CBEF8B0089C134 /* AppDelegate.swift in Sources */ = {isa = PBXBuildFile; fileRef = 28D58F8024CBEF8B0089C134 /* AppDelegate.swift */; };
		28D58F8324CBEF8B0089C134 /* SceneDelegate.swift in Sources */ = {isa = PBXBuildFile; fileRef = 28D58F8224CBEF8B0089C134 /* SceneDelegate.swift */; };
		28D58F8524CBEF8B0089C134 /* ContentView.swift in Sources */ = {isa = PBXBuildFile; fileRef = 28D58F8424CBEF8B0089C134 /* ContentView.swift */; };
		28D58F8724CBEF8D0089C134 /* Assets.xcassets in Resources */ = {isa = PBXBuildFile; fileRef = 28D58F8624CBEF8D0089C134 /* Assets.xcassets */; };
		28D58F8A24CBEF8D0089C134 /* Preview Assets.xcassets in Resources */ = {isa = PBXBuildFile; fileRef = 28D58F8924CBEF8D0089C134 /* Preview Assets.xcassets */; };
		28D58F8D24CBEF8D0089C134 /* LaunchScreen.storyboard in Resources */ = {isa = PBXBuildFile; fileRef = 28D58F8B24CBEF8D0089C134 /* LaunchScreen.storyboard */; };
		28D58F9824CBEF8D0089C134 /* Aroha_SwiftUITests.swift in Sources */ = {isa = PBXBuildFile; fileRef = 28D58F9724CBEF8D0089C134 /* Aroha_SwiftUITests.swift */; };
		28D58FA324CBEF8D0089C134 /* Aroha_SwiftUIUITests.swift in Sources */ = {isa = PBXBuildFile; fileRef = 28D58FA224CBEF8D0089C134 /* Aroha_SwiftUIUITests.swift */; };
		28D58FB124CBF2B50089C134 /* LoginView.swift in Sources */ = {isa = PBXBuildFile; fileRef = 28D58FB024CBF2B50089C134 /* LoginView.swift */; };
		28D58FB724CC02DF0089C134 /* UserSetting.swift in Sources */ = {isa = PBXBuildFile; fileRef = 28D58FB624CC02DF0089C134 /* UserSetting.swift */; };
		28D58FBA24CC05AC0089C134 /* HomeView.swift in Sources */ = {isa = PBXBuildFile; fileRef = 28D58FB924CC05AC0089C134 /* HomeView.swift */; };
		28D58FC224CC0DBF0089C134 /* Tab1Main.swift in Sources */ = {isa = PBXBuildFile; fileRef = 28D58FC124CC0DBF0089C134 /* Tab1Main.swift */; };
		28D58FC724CC0E650089C134 /* Tab2Main.swift in Sources */ = {isa = PBXBuildFile; fileRef = 28D58FC624CC0E650089C134 /* Tab2Main.swift */; };
		28D58FC924CC0E700089C134 /* Tab3Main.swift in Sources */ = {isa = PBXBuildFile; fileRef = 28D58FC824CC0E700089C134 /* Tab3Main.swift */; };
		28D58FCB24CC0E7B0089C134 /* Tab4Main.swift in Sources */ = {isa = PBXBuildFile; fileRef = 28D58FCA24CC0E7B0089C134 /* Tab4Main.swift */; };
		28D58FCD24CC175A0089C134 /* SnapCarousel.swift in Sources */ = {isa = PBXBuildFile; fileRef = 28D58FCC24CC175A0089C134 /* SnapCarousel.swift */; };
		28DB638B24E2C80500ACF155 /* enum.swift in Sources */ = {isa = PBXBuildFile; fileRef = 28DB638A24E2C80500ACF155 /* enum.swift */; };
		299F3C80C4259BB1C118C8B0 /* Pods_Aroha_SwiftUI.framework in Frameworks */ = {isa = PBXBuildFile; fileRef = C0362A6DBA80419ADFD02644 /* Pods_Aroha_SwiftUI.framework */; };
		7E5DA98E66ECEA4E626078F5 /* Pods_Aroha_SwiftUITests.framework in Frameworks */ = {isa = PBXBuildFile; fileRef = 8B74DAF3B2BC734694CBB5C3 /* Pods_Aroha_SwiftUITests.framework */; };
		FBC5607BF6DC1D42FFB72853 /* Pods_Aroha_SwiftUI_Aroha_SwiftUIUITests.framework in Frameworks */ = {isa = PBXBuildFile; fileRef = 90984B74185C6FB31CA68079 /* Pods_Aroha_SwiftUI_Aroha_SwiftUIUITests.framework */; };
/* End PBXBuildFile section */

/* Begin PBXContainerItemProxy section */
		28D58F9424CBEF8D0089C134 /* PBXContainerItemProxy */ = {
			isa = PBXContainerItemProxy;
			containerPortal = 28D58F7524CBEF8B0089C134 /* Project object */;
			proxyType = 1;
			remoteGlobalIDString = 28D58F7C24CBEF8B0089C134;
			remoteInfo = Aroha_SwiftUI;
		};
		28D58F9F24CBEF8D0089C134 /* PBXContainerItemProxy */ = {
			isa = PBXContainerItemProxy;
			containerPortal = 28D58F7524CBEF8B0089C134 /* Project object */;
			proxyType = 1;
			remoteGlobalIDString = 28D58F7C24CBEF8B0089C134;
			remoteInfo = Aroha_SwiftUI;
		};
/* End PBXContainerItemProxy section */

/* Begin PBXFileReference section */
		280A8F8124E7D21000C4AD46 /* KU.dae */ = {isa = PBXFileReference; fileEncoding = 4; lastKnownFileType = text.xml.dae; path = KU.dae; sourceTree = "<group>"; };
		280A8F8324E91EB800C4AD46 /* materials.mtl */ = {isa = PBXFileReference; fileEncoding = 4; lastKnownFileType = text; path = materials.mtl; sourceTree = "<group>"; };
		28247C1B24DE6BE200F89AAA /* Pos.swift */ = {isa = PBXFileReference; lastKnownFileType = sourcecode.swift; path = Pos.swift; sourceTree = "<group>"; };
		28468B2024E179B00098AD96 /* HttpRequest.swift */ = {isa = PBXFileReference; lastKnownFileType = sourcecode.swift; path = HttpRequest.swift; sourceTree = "<group>"; };
		28468B2324E188640098AD96 /* Pretreatment .swift */ = {isa = PBXFileReference; lastKnownFileType = sourcecode.swift; path = "Pretreatment .swift"; sourceTree = "<group>"; };
		286AE66A24D5639F004018E5 /* MapViewTab2.swift */ = {isa = PBXFileReference; lastKnownFileType = sourcecode.swift; path = MapViewTab2.swift; sourceTree = "<group>"; };
		28CDF7ED24CC211E000EF9E9 /* Tab1SelectRoute.swift */ = {isa = PBXFileReference; lastKnownFileType = sourcecode.swift; path = Tab1SelectRoute.swift; sourceTree = "<group>"; };
		28CDF7EF24CC24AE000EF9E9 /* Tab1Tour.swift */ = {isa = PBXFileReference; lastKnownFileType = sourcecode.swift; path = Tab1Tour.swift; sourceTree = "<group>"; };
		28CDF7F124CC2543000EF9E9 /* AR&MapWebView.swift */ = {isa = PBXFileReference; lastKnownFileType = sourcecode.swift; path = "AR&MapWebView.swift"; sourceTree = "<group>"; };
		28CDF7F324CC3198000EF9E9 /* ARSceneView.swift */ = {isa = PBXFileReference; lastKnownFileType = sourcecode.swift; path = ARSceneView.swift; sourceTree = "<group>"; };
		28D58F7D24CBEF8B0089C134 /* Aroha_SwiftUI.app */ = {isa = PBXFileReference; explicitFileType = wrapper.application; includeInIndex = 0; path = Aroha_SwiftUI.app; sourceTree = BUILT_PRODUCTS_DIR; };
		28D58F8024CBEF8B0089C134 /* AppDelegate.swift */ = {isa = PBXFileReference; lastKnownFileType = sourcecode.swift; path = AppDelegate.swift; sourceTree = "<group>"; };
		28D58F8224CBEF8B0089C134 /* SceneDelegate.swift */ = {isa = PBXFileReference; lastKnownFileType = sourcecode.swift; path = SceneDelegate.swift; sourceTree = "<group>"; };
		28D58F8424CBEF8B0089C134 /* ContentView.swift */ = {isa = PBXFileReference; lastKnownFileType = sourcecode.swift; path = ContentView.swift; sourceTree = "<group>"; };
		28D58F8624CBEF8D0089C134 /* Assets.xcassets */ = {isa = PBXFileReference; lastKnownFileType = folder.assetcatalog; path = Assets.xcassets; sourceTree = "<group>"; };
		28D58F8924CBEF8D0089C134 /* Preview Assets.xcassets */ = {isa = PBXFileReference; lastKnownFileType = folder.assetcatalog; path = "Preview Assets.xcassets"; sourceTree = "<group>"; };
		28D58F8C24CBEF8D0089C134 /* Base */ = {isa = PBXFileReference; lastKnownFileType = file.storyboard; name = Base; path = Base.lproj/LaunchScreen.storyboard; sourceTree = "<group>"; };
		28D58F8E24CBEF8D0089C134 /* Info.plist */ = {isa = PBXFileReference; lastKnownFileType = text.plist.xml; path = Info.plist; sourceTree = "<group>"; };
		28D58F9324CBEF8D0089C134 /* Aroha_SwiftUITests.xctest */ = {isa = PBXFileReference; explicitFileType = wrapper.cfbundle; includeInIndex = 0; path = Aroha_SwiftUITests.xctest; sourceTree = BUILT_PRODUCTS_DIR; };
		28D58F9724CBEF8D0089C134 /* Aroha_SwiftUITests.swift */ = {isa = PBXFileReference; lastKnownFileType = sourcecode.swift; path = Aroha_SwiftUITests.swift; sourceTree = "<group>"; };
		28D58F9924CBEF8D0089C134 /* Info.plist */ = {isa = PBXFileReference; lastKnownFileType = text.plist.xml; path = Info.plist; sourceTree = "<group>"; };
		28D58F9E24CBEF8D0089C134 /* Aroha_SwiftUIUITests.xctest */ = {isa = PBXFileReference; explicitFileType = wrapper.cfbundle; includeInIndex = 0; path = Aroha_SwiftUIUITests.xctest; sourceTree = BUILT_PRODUCTS_DIR; };
		28D58FA224CBEF8D0089C134 /* Aroha_SwiftUIUITests.swift */ = {isa = PBXFileReference; lastKnownFileType = sourcecode.swift; path = Aroha_SwiftUIUITests.swift; sourceTree = "<group>"; };
		28D58FA424CBEF8D0089C134 /* Info.plist */ = {isa = PBXFileReference; lastKnownFileType = text.plist.xml; path = Info.plist; sourceTree = "<group>"; };
		28D58FB024CBF2B50089C134 /* LoginView.swift */ = {isa = PBXFileReference; lastKnownFileType = sourcecode.swift; path = LoginView.swift; sourceTree = "<group>"; };
		28D58FB624CC02DF0089C134 /* UserSetting.swift */ = {isa = PBXFileReference; lastKnownFileType = sourcecode.swift; path = UserSetting.swift; sourceTree = "<group>"; };
		28D58FB924CC05AC0089C134 /* HomeView.swift */ = {isa = PBXFileReference; lastKnownFileType = sourcecode.swift; path = HomeView.swift; sourceTree = "<group>"; };
		28D58FC124CC0DBF0089C134 /* Tab1Main.swift */ = {isa = PBXFileReference; lastKnownFileType = sourcecode.swift; path = Tab1Main.swift; sourceTree = "<group>"; };
		28D58FC624CC0E650089C134 /* Tab2Main.swift */ = {isa = PBXFileReference; lastKnownFileType = sourcecode.swift; path = Tab2Main.swift; sourceTree = "<group>"; };
		28D58FC824CC0E700089C134 /* Tab3Main.swift */ = {isa = PBXFileReference; lastKnownFileType = sourcecode.swift; path = Tab3Main.swift; sourceTree = "<group>"; };
		28D58FCA24CC0E7B0089C134 /* Tab4Main.swift */ = {isa = PBXFileReference; lastKnownFileType = sourcecode.swift; path = Tab4Main.swift; sourceTree = "<group>"; };
		28D58FCC24CC175A0089C134 /* SnapCarousel.swift */ = {isa = PBXFileReference; lastKnownFileType = sourcecode.swift; path = SnapCarousel.swift; sourceTree = "<group>"; };
		28DB638A24E2C80500ACF155 /* enum.swift */ = {isa = PBXFileReference; lastKnownFileType = sourcecode.swift; path = enum.swift; sourceTree = "<group>"; };
		5ADA9F47334049A47FFBB2C2 /* Pods-Aroha_SwiftUI-Aroha_SwiftUIUITests.release.xcconfig */ = {isa = PBXFileReference; includeInIndex = 1; lastKnownFileType = text.xcconfig; name = "Pods-Aroha_SwiftUI-Aroha_SwiftUIUITests.release.xcconfig"; path = "Target Support Files/Pods-Aroha_SwiftUI-Aroha_SwiftUIUITests/Pods-Aroha_SwiftUI-Aroha_SwiftUIUITests.release.xcconfig"; sourceTree = "<group>"; };
		8B74DAF3B2BC734694CBB5C3 /* Pods_Aroha_SwiftUITests.framework */ = {isa = PBXFileReference; explicitFileType = wrapper.framework; includeInIndex = 0; path = Pods_Aroha_SwiftUITests.framework; sourceTree = BUILT_PRODUCTS_DIR; };
		90984B74185C6FB31CA68079 /* Pods_Aroha_SwiftUI_Aroha_SwiftUIUITests.framework */ = {isa = PBXFileReference; explicitFileType = wrapper.framework; includeInIndex = 0; path = Pods_Aroha_SwiftUI_Aroha_SwiftUIUITests.framework; sourceTree = BUILT_PRODUCTS_DIR; };
		97A68EB6E0B8CDD4F08915FE /* Pods-Aroha_SwiftUI.debug.xcconfig */ = {isa = PBXFileReference; includeInIndex = 1; lastKnownFileType = text.xcconfig; name = "Pods-Aroha_SwiftUI.debug.xcconfig"; path = "Target Support Files/Pods-Aroha_SwiftUI/Pods-Aroha_SwiftUI.debug.xcconfig"; sourceTree = "<group>"; };
		A7D85B68E9E497E8750B43B2 /* Pods-Aroha_SwiftUI-Aroha_SwiftUIUITests.debug.xcconfig */ = {isa = PBXFileReference; includeInIndex = 1; lastKnownFileType = text.xcconfig; name = "Pods-Aroha_SwiftUI-Aroha_SwiftUIUITests.debug.xcconfig"; path = "Target Support Files/Pods-Aroha_SwiftUI-Aroha_SwiftUIUITests/Pods-Aroha_SwiftUI-Aroha_SwiftUIUITests.debug.xcconfig"; sourceTree = "<group>"; };
		BDA4A47E0294420048523544 /* Pods-Aroha_SwiftUI.release.xcconfig */ = {isa = PBXFileReference; includeInIndex = 1; lastKnownFileType = text.xcconfig; name = "Pods-Aroha_SwiftUI.release.xcconfig"; path = "Target Support Files/Pods-Aroha_SwiftUI/Pods-Aroha_SwiftUI.release.xcconfig"; sourceTree = "<group>"; };
		C0362A6DBA80419ADFD02644 /* Pods_Aroha_SwiftUI.framework */ = {isa = PBXFileReference; explicitFileType = wrapper.framework; includeInIndex = 0; path = Pods_Aroha_SwiftUI.framework; sourceTree = BUILT_PRODUCTS_DIR; };
		C535F2FA51DCBA4C79396BB3 /* Pods-Aroha_SwiftUITests.release.xcconfig */ = {isa = PBXFileReference; includeInIndex = 1; lastKnownFileType = text.xcconfig; name = "Pods-Aroha_SwiftUITests.release.xcconfig"; path = "Target Support Files/Pods-Aroha_SwiftUITests/Pods-Aroha_SwiftUITests.release.xcconfig"; sourceTree = "<group>"; };
		CC1298B93F3EEC6BFA04A83D /* Pods-Aroha_SwiftUITests.debug.xcconfig */ = {isa = PBXFileReference; includeInIndex = 1; lastKnownFileType = text.xcconfig; name = "Pods-Aroha_SwiftUITests.debug.xcconfig"; path = "Target Support Files/Pods-Aroha_SwiftUITests/Pods-Aroha_SwiftUITests.debug.xcconfig"; sourceTree = "<group>"; };
/* End PBXFileReference section */

/* Begin PBXFrameworksBuildPhase section */
		28D58F7A24CBEF8B0089C134 /* Frameworks */ = {
			isa = PBXFrameworksBuildPhase;
			buildActionMask = 2147483647;
			files = (
				299F3C80C4259BB1C118C8B0 /* Pods_Aroha_SwiftUI.framework in Frameworks */,
			);
			runOnlyForDeploymentPostprocessing = 0;
		};
		28D58F9024CBEF8D0089C134 /* Frameworks */ = {
			isa = PBXFrameworksBuildPhase;
			buildActionMask = 2147483647;
			files = (
				7E5DA98E66ECEA4E626078F5 /* Pods_Aroha_SwiftUITests.framework in Frameworks */,
			);
			runOnlyForDeploymentPostprocessing = 0;
		};
		28D58F9B24CBEF8D0089C134 /* Frameworks */ = {
			isa = PBXFrameworksBuildPhase;
			buildActionMask = 2147483647;
			files = (
				FBC5607BF6DC1D42FFB72853 /* Pods_Aroha_SwiftUI_Aroha_SwiftUIUITests.framework in Frameworks */,
			);
			runOnlyForDeploymentPostprocessing = 0;
		};
/* End PBXFrameworksBuildPhase section */

/* Begin PBXGroup section */
		28247C1A24DE6BD100F89AAA /* Data */ = {
			isa = PBXGroup;
			children = (
				28247C1B24DE6BE200F89AAA /* Pos.swift */,
				28DB638A24E2C80500ACF155 /* enum.swift */,
			);
			path = Data;
			sourceTree = "<group>";
		};
		28468B1F24E1798E0098AD96 /* API */ = {
			isa = PBXGroup;
			children = (
				28468B2024E179B00098AD96 /* HttpRequest.swift */,
			);
			path = API;
			sourceTree = "<group>";
		};
		28468B2224E188470098AD96 /* Pretreatment */ = {
			isa = PBXGroup;
			children = (
				28468B2324E188640098AD96 /* Pretreatment .swift */,
			);
			path = Pretreatment;
			sourceTree = "<group>";
		};
		28D58F7424CBEF8B0089C134 = {
			isa = PBXGroup;
			children = (
				28D58F7F24CBEF8B0089C134 /* Aroha_SwiftUI */,
				28D58F9624CBEF8D0089C134 /* Aroha_SwiftUITests */,
				28D58FA124CBEF8D0089C134 /* Aroha_SwiftUIUITests */,
				28D58F7E24CBEF8B0089C134 /* Products */,
				6F5140EFC789A1EFC8BB0593 /* Pods */,
				7834AFF5D78C2212480E3C87 /* Frameworks */,
			);
			sourceTree = "<group>";
		};
		28D58F7E24CBEF8B0089C134 /* Products */ = {
			isa = PBXGroup;
			children = (
				28D58F7D24CBEF8B0089C134 /* Aroha_SwiftUI.app */,
				28D58F9324CBEF8D0089C134 /* Aroha_SwiftUITests.xctest */,
				28D58F9E24CBEF8D0089C134 /* Aroha_SwiftUIUITests.xctest */,
			);
			name = Products;
			sourceTree = "<group>";
		};
		28D58F7F24CBEF8B0089C134 /* Aroha_SwiftUI */ = {
			isa = PBXGroup;
			children = (
				280A8F8324E91EB800C4AD46 /* materials.mtl */,
				280A8F8124E7D21000C4AD46 /* KU.dae */,
				28D58FB624CC02DF0089C134 /* UserSetting.swift */,
				28D58F8024CBEF8B0089C134 /* AppDelegate.swift */,
				28468B2224E188470098AD96 /* Pretreatment */,
				28468B1F24E1798E0098AD96 /* API */,
				28D58FC024CC0D9F0089C134 /* Tab1 */,
				28D58FC324CC0E1F0089C134 /* Tab2 */,
				28D58FC424CC0E250089C134 /* Tab3 */,
				28D58FC524CC0E2B0089C134 /* Tab4 */,
				28D58FB824CC054E0089C134 /* View */,
				28247C1A24DE6BD100F89AAA /* Data */,
				28D58F8624CBEF8D0089C134 /* Assets.xcassets */,
				28D58F8224CBEF8B0089C134 /* SceneDelegate.swift */,
				28D58F8B24CBEF8D0089C134 /* LaunchScreen.storyboard */,
				28D58F8E24CBEF8D0089C134 /* Info.plist */,
				28D58F8824CBEF8D0089C134 /* Preview Content */,
			);
			path = Aroha_SwiftUI;
			sourceTree = "<group>";
		};
		28D58F8824CBEF8D0089C134 /* Preview Content */ = {
			isa = PBXGroup;
			children = (
				28D58F8924CBEF8D0089C134 /* Preview Assets.xcassets */,
			);
			path = "Preview Content";
			sourceTree = "<group>";
		};
		28D58F9624CBEF8D0089C134 /* Aroha_SwiftUITests */ = {
			isa = PBXGroup;
			children = (
				28D58F9724CBEF8D0089C134 /* Aroha_SwiftUITests.swift */,
				28D58F9924CBEF8D0089C134 /* Info.plist */,
			);
			path = Aroha_SwiftUITests;
			sourceTree = "<group>";
		};
		28D58FA124CBEF8D0089C134 /* Aroha_SwiftUIUITests */ = {
			isa = PBXGroup;
			children = (
				28D58FA224CBEF8D0089C134 /* Aroha_SwiftUIUITests.swift */,
				28D58FA424CBEF8D0089C134 /* Info.plist */,
			);
			path = Aroha_SwiftUIUITests;
			sourceTree = "<group>";
		};
		28D58FB824CC054E0089C134 /* View */ = {
			isa = PBXGroup;
			children = (
				28D58F8424CBEF8B0089C134 /* ContentView.swift */,
				28D58FB024CBF2B50089C134 /* LoginView.swift */,
				28D58FB924CC05AC0089C134 /* HomeView.swift */,
			);
			path = View;
			sourceTree = "<group>";
		};
		28D58FC024CC0D9F0089C134 /* Tab1 */ = {
			isa = PBXGroup;
			children = (
				28D58FC124CC0DBF0089C134 /* Tab1Main.swift */,
				28D58FCC24CC175A0089C134 /* SnapCarousel.swift */,
				28CDF7ED24CC211E000EF9E9 /* Tab1SelectRoute.swift */,
				28CDF7EF24CC24AE000EF9E9 /* Tab1Tour.swift */,
				28CDF7F124CC2543000EF9E9 /* AR&MapWebView.swift */,
				28CDF7F324CC3198000EF9E9 /* ARSceneView.swift */,
			);
			path = Tab1;
			sourceTree = "<group>";
		};
		28D58FC324CC0E1F0089C134 /* Tab2 */ = {
			isa = PBXGroup;
			children = (
				28D58FC624CC0E650089C134 /* Tab2Main.swift */,
				286AE66A24D5639F004018E5 /* MapViewTab2.swift */,
			);
			path = Tab2;
			sourceTree = "<group>";
		};
		28D58FC424CC0E250089C134 /* Tab3 */ = {
			isa = PBXGroup;
			children = (
				28D58FC824CC0E700089C134 /* Tab3Main.swift */,
			);
			path = Tab3;
			sourceTree = "<group>";
		};
		28D58FC524CC0E2B0089C134 /* Tab4 */ = {
			isa = PBXGroup;
			children = (
				28D58FCA24CC0E7B0089C134 /* Tab4Main.swift */,
			);
			name = Tab4;
			sourceTree = "<group>";
		};
		6F5140EFC789A1EFC8BB0593 /* Pods */ = {
			isa = PBXGroup;
			children = (
				97A68EB6E0B8CDD4F08915FE /* Pods-Aroha_SwiftUI.debug.xcconfig */,
				BDA4A47E0294420048523544 /* Pods-Aroha_SwiftUI.release.xcconfig */,
				A7D85B68E9E497E8750B43B2 /* Pods-Aroha_SwiftUI-Aroha_SwiftUIUITests.debug.xcconfig */,
				5ADA9F47334049A47FFBB2C2 /* Pods-Aroha_SwiftUI-Aroha_SwiftUIUITests.release.xcconfig */,
				CC1298B93F3EEC6BFA04A83D /* Pods-Aroha_SwiftUITests.debug.xcconfig */,
				C535F2FA51DCBA4C79396BB3 /* Pods-Aroha_SwiftUITests.release.xcconfig */,
			);
			path = Pods;
			sourceTree = "<group>";
		};
		7834AFF5D78C2212480E3C87 /* Frameworks */ = {
			isa = PBXGroup;
			children = (
				C0362A6DBA80419ADFD02644 /* Pods_Aroha_SwiftUI.framework */,
				90984B74185C6FB31CA68079 /* Pods_Aroha_SwiftUI_Aroha_SwiftUIUITests.framework */,
				8B74DAF3B2BC734694CBB5C3 /* Pods_Aroha_SwiftUITests.framework */,
			);
			name = Frameworks;
			sourceTree = "<group>";
		};
/* End PBXGroup section */

/* Begin PBXNativeTarget section */
		28D58F7C24CBEF8B0089C134 /* Aroha_SwiftUI */ = {
			isa = PBXNativeTarget;
			buildConfigurationList = 28D58FA724CBEF8D0089C134 /* Build configuration list for PBXNativeTarget "Aroha_SwiftUI" */;
			buildPhases = (
				F07963BB2AF4AC9BE1F0C744 /* [CP] Check Pods Manifest.lock */,
				28D58F7924CBEF8B0089C134 /* Sources */,
				28D58F7A24CBEF8B0089C134 /* Frameworks */,
				28D58F7B24CBEF8B0089C134 /* Resources */,
				9C32A2F36584113E989943CD /* [CP] Embed Pods Frameworks */,
			);
			buildRules = (
			);
			dependencies = (
			);
			name = Aroha_SwiftUI;
			productName = Aroha_SwiftUI;
			productReference = 28D58F7D24CBEF8B0089C134 /* Aroha_SwiftUI.app */;
			productType = "com.apple.product-type.application";
		};
		28D58F9224CBEF8D0089C134 /* Aroha_SwiftUITests */ = {
			isa = PBXNativeTarget;
			buildConfigurationList = 28D58FAA24CBEF8D0089C134 /* Build configuration list for PBXNativeTarget "Aroha_SwiftUITests" */;
			buildPhases = (
				26F1622BD51847753E829256 /* [CP] Check Pods Manifest.lock */,
				28D58F8F24CBEF8D0089C134 /* Sources */,
				28D58F9024CBEF8D0089C134 /* Frameworks */,
				28D58F9124CBEF8D0089C134 /* Resources */,
			);
			buildRules = (
			);
			dependencies = (
				28D58F9524CBEF8D0089C134 /* PBXTargetDependency */,
			);
			name = Aroha_SwiftUITests;
			productName = Aroha_SwiftUITests;
			productReference = 28D58F9324CBEF8D0089C134 /* Aroha_SwiftUITests.xctest */;
			productType = "com.apple.product-type.bundle.unit-test";
		};
		28D58F9D24CBEF8D0089C134 /* Aroha_SwiftUIUITests */ = {
			isa = PBXNativeTarget;
			buildConfigurationList = 28D58FAD24CBEF8D0089C134 /* Build configuration list for PBXNativeTarget "Aroha_SwiftUIUITests" */;
			buildPhases = (
				447367749801ED619B71710B /* [CP] Check Pods Manifest.lock */,
				28D58F9A24CBEF8D0089C134 /* Sources */,
				28D58F9B24CBEF8D0089C134 /* Frameworks */,
				28D58F9C24CBEF8D0089C134 /* Resources */,
				3F1C194ED5C8B6D44240411C /* [CP] Embed Pods Frameworks */,
			);
			buildRules = (
			);
			dependencies = (
				28D58FA024CBEF8D0089C134 /* PBXTargetDependency */,
			);
			name = Aroha_SwiftUIUITests;
			productName = Aroha_SwiftUIUITests;
			productReference = 28D58F9E24CBEF8D0089C134 /* Aroha_SwiftUIUITests.xctest */;
			productType = "com.apple.product-type.bundle.ui-testing";
		};
/* End PBXNativeTarget section */

/* Begin PBXProject section */
		28D58F7524CBEF8B0089C134 /* Project object */ = {
			isa = PBXProject;
			attributes = {
				LastSwiftUpdateCheck = 1150;
				LastUpgradeCheck = 1150;
				ORGANIZATIONNAME = "김성헌";
				TargetAttributes = {
					28D58F7C24CBEF8B0089C134 = {
						CreatedOnToolsVersion = 11.5;
					};
					28D58F9224CBEF8D0089C134 = {
						CreatedOnToolsVersion = 11.5;
						TestTargetID = 28D58F7C24CBEF8B0089C134;
					};
					28D58F9D24CBEF8D0089C134 = {
						CreatedOnToolsVersion = 11.5;
						TestTargetID = 28D58F7C24CBEF8B0089C134;
					};
				};
			};
			buildConfigurationList = 28D58F7824CBEF8B0089C134 /* Build configuration list for PBXProject "Aroha_SwiftUI" */;
			compatibilityVersion = "Xcode 9.3";
			developmentRegion = en;
			hasScannedForEncodings = 0;
			knownRegions = (
				en,
				Base,
			);
			mainGroup = 28D58F7424CBEF8B0089C134;
			productRefGroup = 28D58F7E24CBEF8B0089C134 /* Products */;
			projectDirPath = "";
			projectRoot = "";
			targets = (
				28D58F7C24CBEF8B0089C134 /* Aroha_SwiftUI */,
				28D58F9224CBEF8D0089C134 /* Aroha_SwiftUITests */,
				28D58F9D24CBEF8D0089C134 /* Aroha_SwiftUIUITests */,
			);
		};
/* End PBXProject section */

/* Begin PBXResourcesBuildPhase section */
		28D58F7B24CBEF8B0089C134 /* Resources */ = {
			isa = PBXResourcesBuildPhase;
			buildActionMask = 2147483647;
			files = (
				280A8F8224E7D21000C4AD46 /* KU.dae in Resources */,
				28D58F8D24CBEF8D0089C134 /* LaunchScreen.storyboard in Resources */,
				28D58F8A24CBEF8D0089C134 /* Preview Assets.xcassets in Resources */,
				280A8F8424E91EB800C4AD46 /* materials.mtl in Resources */,
				28D58F8724CBEF8D0089C134 /* Assets.xcassets in Resources */,
			);
			runOnlyForDeploymentPostprocessing = 0;
		};
		28D58F9124CBEF8D0089C134 /* Resources */ = {
			isa = PBXResourcesBuildPhase;
			buildActionMask = 2147483647;
			files = (
			);
			runOnlyForDeploymentPostprocessing = 0;
		};
		28D58F9C24CBEF8D0089C134 /* Resources */ = {
			isa = PBXResourcesBuildPhase;
			buildActionMask = 2147483647;
			files = (
			);
			runOnlyForDeploymentPostprocessing = 0;
		};
/* End PBXResourcesBuildPhase section */

/* Begin PBXShellScriptBuildPhase section */
		26F1622BD51847753E829256 /* [CP] Check Pods Manifest.lock */ = {
			isa = PBXShellScriptBuildPhase;
			buildActionMask = 2147483647;
			files = (
			);
			inputFileListPaths = (
			);
			inputPaths = (
				"${PODS_PODFILE_DIR_PATH}/Podfile.lock",
				"${PODS_ROOT}/Manifest.lock",
			);
			name = "[CP] Check Pods Manifest.lock";
			outputFileListPaths = (
			);
			outputPaths = (
				"$(DERIVED_FILE_DIR)/Pods-Aroha_SwiftUITests-checkManifestLockResult.txt",
			);
			runOnlyForDeploymentPostprocessing = 0;
			shellPath = /bin/sh;
			shellScript = "diff \"${PODS_PODFILE_DIR_PATH}/Podfile.lock\" \"${PODS_ROOT}/Manifest.lock\" > /dev/null\nif [ $? != 0 ] ; then\n    # print error to STDERR\n    echo \"error: The sandbox is not in sync with the Podfile.lock. Run 'pod install' or update your CocoaPods installation.\" >&2\n    exit 1\nfi\n# This output is used by Xcode 'outputs' to avoid re-running this script phase.\necho \"SUCCESS\" > \"${SCRIPT_OUTPUT_FILE_0}\"\n";
			showEnvVarsInLog = 0;
		};
		3F1C194ED5C8B6D44240411C /* [CP] Embed Pods Frameworks */ = {
			isa = PBXShellScriptBuildPhase;
			buildActionMask = 2147483647;
			files = (
			);
			inputFileListPaths = (
				"${PODS_ROOT}/Target Support Files/Pods-Aroha_SwiftUI-Aroha_SwiftUIUITests/Pods-Aroha_SwiftUI-Aroha_SwiftUIUITests-frameworks-${CONFIGURATION}-input-files.xcfilelist",
			);
			name = "[CP] Embed Pods Frameworks";
			outputFileListPaths = (
				"${PODS_ROOT}/Target Support Files/Pods-Aroha_SwiftUI-Aroha_SwiftUIUITests/Pods-Aroha_SwiftUI-Aroha_SwiftUIUITests-frameworks-${CONFIGURATION}-output-files.xcfilelist",
			);
			runOnlyForDeploymentPostprocessing = 0;
			shellPath = /bin/sh;
			shellScript = "\"${PODS_ROOT}/Target Support Files/Pods-Aroha_SwiftUI-Aroha_SwiftUIUITests/Pods-Aroha_SwiftUI-Aroha_SwiftUIUITests-frameworks.sh\"\n";
			showEnvVarsInLog = 0;
		};
		447367749801ED619B71710B /* [CP] Check Pods Manifest.lock */ = {
			isa = PBXShellScriptBuildPhase;
			buildActionMask = 2147483647;
			files = (
			);
			inputFileListPaths = (
			);
			inputPaths = (
				"${PODS_PODFILE_DIR_PATH}/Podfile.lock",
				"${PODS_ROOT}/Manifest.lock",
			);
			name = "[CP] Check Pods Manifest.lock";
			outputFileListPaths = (
			);
			outputPaths = (
				"$(DERIVED_FILE_DIR)/Pods-Aroha_SwiftUI-Aroha_SwiftUIUITests-checkManifestLockResult.txt",
			);
			runOnlyForDeploymentPostprocessing = 0;
			shellPath = /bin/sh;
			shellScript = "diff \"${PODS_PODFILE_DIR_PATH}/Podfile.lock\" \"${PODS_ROOT}/Manifest.lock\" > /dev/null\nif [ $? != 0 ] ; then\n    # print error to STDERR\n    echo \"error: The sandbox is not in sync with the Podfile.lock. Run 'pod install' or update your CocoaPods installation.\" >&2\n    exit 1\nfi\n# This output is used by Xcode 'outputs' to avoid re-running this script phase.\necho \"SUCCESS\" > \"${SCRIPT_OUTPUT_FILE_0}\"\n";
			showEnvVarsInLog = 0;
		};
		9C32A2F36584113E989943CD /* [CP] Embed Pods Frameworks */ = {
			isa = PBXShellScriptBuildPhase;
			buildActionMask = 2147483647;
			files = (
			);
			inputFileListPaths = (
				"${PODS_ROOT}/Target Support Files/Pods-Aroha_SwiftUI/Pods-Aroha_SwiftUI-frameworks-${CONFIGURATION}-input-files.xcfilelist",
			);
			name = "[CP] Embed Pods Frameworks";
			outputFileListPaths = (
				"${PODS_ROOT}/Target Support Files/Pods-Aroha_SwiftUI/Pods-Aroha_SwiftUI-frameworks-${CONFIGURATION}-output-files.xcfilelist",
			);
			runOnlyForDeploymentPostprocessing = 0;
			shellPath = /bin/sh;
			shellScript = "\"${PODS_ROOT}/Target Support Files/Pods-Aroha_SwiftUI/Pods-Aroha_SwiftUI-frameworks.sh\"\n";
			showEnvVarsInLog = 0;
		};
		F07963BB2AF4AC9BE1F0C744 /* [CP] Check Pods Manifest.lock */ = {
			isa = PBXShellScriptBuildPhase;
			buildActionMask = 2147483647;
			files = (
			);
			inputFileListPaths = (
			);
			inputPaths = (
				"${PODS_PODFILE_DIR_PATH}/Podfile.lock",
				"${PODS_ROOT}/Manifest.lock",
			);
			name = "[CP] Check Pods Manifest.lock";
			outputFileListPaths = (
			);
			outputPaths = (
				"$(DERIVED_FILE_DIR)/Pods-Aroha_SwiftUI-checkManifestLockResult.txt",
			);
			runOnlyForDeploymentPostprocessing = 0;
			shellPath = /bin/sh;
			shellScript = "diff \"${PODS_PODFILE_DIR_PATH}/Podfile.lock\" \"${PODS_ROOT}/Manifest.lock\" > /dev/null\nif [ $? != 0 ] ; then\n    # print error to STDERR\n    echo \"error: The sandbox is not in sync with the Podfile.lock. Run 'pod install' or update your CocoaPods installation.\" >&2\n    exit 1\nfi\n# This output is used by Xcode 'outputs' to avoid re-running this script phase.\necho \"SUCCESS\" > \"${SCRIPT_OUTPUT_FILE_0}\"\n";
			showEnvVarsInLog = 0;
		};
/* End PBXShellScriptBuildPhase section */

/* Begin PBXSourcesBuildPhase section */
		28D58F7924CBEF8B0089C134 /* Sources */ = {
			isa = PBXSourcesBuildPhase;
			buildActionMask = 2147483647;
			files = (
				28CDF7F024CC24AE000EF9E9 /* Tab1Tour.swift in Sources */,
				28247C1C24DE6BE200F89AAA /* Pos.swift in Sources */,
				28D58F8124CBEF8B0089C134 /* AppDelegate.swift in Sources */,
				28CDF7F224CC2543000EF9E9 /* AR&MapWebView.swift in Sources */,
				28D58FCD24CC175A0089C134 /* SnapCarousel.swift in Sources */,
				28468B2124E179B00098AD96 /* HttpRequest.swift in Sources */,
				28D58FCB24CC0E7B0089C134 /* Tab4Main.swift in Sources */,
				28D58F8324CBEF8B0089C134 /* SceneDelegate.swift in Sources */,
				28D58FB124CBF2B50089C134 /* LoginView.swift in Sources */,
				28D58FBA24CC05AC0089C134 /* HomeView.swift in Sources */,
				28DB638B24E2C80500ACF155 /* enum.swift in Sources */,
				28D58FC224CC0DBF0089C134 /* Tab1Main.swift in Sources */,
				28CDF7EE24CC211E000EF9E9 /* Tab1SelectRoute.swift in Sources */,
				28D58FB724CC02DF0089C134 /* UserSetting.swift in Sources */,
				28D58F8524CBEF8B0089C134 /* ContentView.swift in Sources */,
				28D58FC924CC0E700089C134 /* Tab3Main.swift in Sources */,
				28D58FC724CC0E650089C134 /* Tab2Main.swift in Sources */,
				286AE66B24D5639F004018E5 /* MapViewTab2.swift in Sources */,
				28468B2424E188640098AD96 /* Pretreatment .swift in Sources */,
				28CDF7F424CC3198000EF9E9 /* ARSceneView.swift in Sources */,
			);
			runOnlyForDeploymentPostprocessing = 0;
		};
		28D58F8F24CBEF8D0089C134 /* Sources */ = {
			isa = PBXSourcesBuildPhase;
			buildActionMask = 2147483647;
			files = (
				28D58F9824CBEF8D0089C134 /* Aroha_SwiftUITests.swift in Sources */,
			);
			runOnlyForDeploymentPostprocessing = 0;
		};
		28D58F9A24CBEF8D0089C134 /* Sources */ = {
			isa = PBXSourcesBuildPhase;
			buildActionMask = 2147483647;
			files = (
				28D58FA324CBEF8D0089C134 /* Aroha_SwiftUIUITests.swift in Sources */,
			);
			runOnlyForDeploymentPostprocessing = 0;
		};
/* End PBXSourcesBuildPhase section */

/* Begin PBXTargetDependency section */
		28D58F9524CBEF8D0089C134 /* PBXTargetDependency */ = {
			isa = PBXTargetDependency;
			target = 28D58F7C24CBEF8B0089C134 /* Aroha_SwiftUI */;
			targetProxy = 28D58F9424CBEF8D0089C134 /* PBXContainerItemProxy */;
		};
		28D58FA024CBEF8D0089C134 /* PBXTargetDependency */ = {
			isa = PBXTargetDependency;
			target = 28D58F7C24CBEF8B0089C134 /* Aroha_SwiftUI */;
			targetProxy = 28D58F9F24CBEF8D0089C134 /* PBXContainerItemProxy */;
		};
/* End PBXTargetDependency section */

/* Begin PBXVariantGroup section */
		28D58F8B24CBEF8D0089C134 /* LaunchScreen.storyboard */ = {
			isa = PBXVariantGroup;
			children = (
				28D58F8C24CBEF8D0089C134 /* Base */,
			);
			name = LaunchScreen.storyboard;
			sourceTree = "<group>";
		};
/* End PBXVariantGroup section */

/* Begin XCBuildConfiguration section */
		28D58FA524CBEF8D0089C134 /* Debug */ = {
			isa = XCBuildConfiguration;
			buildSettings = {
				ALWAYS_SEARCH_USER_PATHS = NO;
				CLANG_ANALYZER_NONNULL = YES;
				CLANG_ANALYZER_NUMBER_OBJECT_CONVERSION = YES_AGGRESSIVE;
				CLANG_CXX_LANGUAGE_STANDARD = "gnu++14";
				CLANG_CXX_LIBRARY = "libc++";
				CLANG_ENABLE_MODULES = YES;
				CLANG_ENABLE_OBJC_ARC = YES;
				CLANG_ENABLE_OBJC_WEAK = YES;
				CLANG_WARN_BLOCK_CAPTURE_AUTORELEASING = YES;
				CLANG_WARN_BOOL_CONVERSION = YES;
				CLANG_WARN_COMMA = YES;
				CLANG_WARN_CONSTANT_CONVERSION = YES;
				CLANG_WARN_DEPRECATED_OBJC_IMPLEMENTATIONS = YES;
				CLANG_WARN_DIRECT_OBJC_ISA_USAGE = YES_ERROR;
				CLANG_WARN_DOCUMENTATION_COMMENTS = YES;
				CLANG_WARN_EMPTY_BODY = YES;
				CLANG_WARN_ENUM_CONVERSION = YES;
				CLANG_WARN_INFINITE_RECURSION = YES;
				CLANG_WARN_INT_CONVERSION = YES;
				CLANG_WARN_NON_LITERAL_NULL_CONVERSION = YES;
				CLANG_WARN_OBJC_IMPLICIT_RETAIN_SELF = YES;
				CLANG_WARN_OBJC_LITERAL_CONVERSION = YES;
				CLANG_WARN_OBJC_ROOT_CLASS = YES_ERROR;
				CLANG_WARN_RANGE_LOOP_ANALYSIS = YES;
				CLANG_WARN_STRICT_PROTOTYPES = YES;
				CLANG_WARN_SUSPICIOUS_MOVE = YES;
				CLANG_WARN_UNGUARDED_AVAILABILITY = YES_AGGRESSIVE;
				CLANG_WARN_UNREACHABLE_CODE = YES;
				CLANG_WARN__DUPLICATE_METHOD_MATCH = YES;
				COPY_PHASE_STRIP = NO;
				DEBUG_INFORMATION_FORMAT = dwarf;
				ENABLE_STRICT_OBJC_MSGSEND = YES;
				ENABLE_TESTABILITY = YES;
				GCC_C_LANGUAGE_STANDARD = gnu11;
				GCC_DYNAMIC_NO_PIC = NO;
				GCC_NO_COMMON_BLOCKS = YES;
				GCC_OPTIMIZATION_LEVEL = 0;
				GCC_PREPROCESSOR_DEFINITIONS = (
					"DEBUG=1",
					"$(inherited)",
				);
				GCC_WARN_64_TO_32_BIT_CONVERSION = YES;
				GCC_WARN_ABOUT_RETURN_TYPE = YES_ERROR;
				GCC_WARN_UNDECLARED_SELECTOR = YES;
				GCC_WARN_UNINITIALIZED_AUTOS = YES_AGGRESSIVE;
				GCC_WARN_UNUSED_FUNCTION = YES;
				GCC_WARN_UNUSED_VARIABLE = YES;
				IPHONEOS_DEPLOYMENT_TARGET = 13.5;
				MTL_ENABLE_DEBUG_INFO = INCLUDE_SOURCE;
				MTL_FAST_MATH = YES;
				ONLY_ACTIVE_ARCH = YES;
				SDKROOT = iphoneos;
				SWIFT_ACTIVE_COMPILATION_CONDITIONS = DEBUG;
				SWIFT_OPTIMIZATION_LEVEL = "-Onone";
			};
			name = Debug;
		};
		28D58FA624CBEF8D0089C134 /* Release */ = {
			isa = XCBuildConfiguration;
			buildSettings = {
				ALWAYS_SEARCH_USER_PATHS = NO;
				CLANG_ANALYZER_NONNULL = YES;
				CLANG_ANALYZER_NUMBER_OBJECT_CONVERSION = YES_AGGRESSIVE;
				CLANG_CXX_LANGUAGE_STANDARD = "gnu++14";
				CLANG_CXX_LIBRARY = "libc++";
				CLANG_ENABLE_MODULES = YES;
				CLANG_ENABLE_OBJC_ARC = YES;
				CLANG_ENABLE_OBJC_WEAK = YES;
				CLANG_WARN_BLOCK_CAPTURE_AUTORELEASING = YES;
				CLANG_WARN_BOOL_CONVERSION = YES;
				CLANG_WARN_COMMA = YES;
				CLANG_WARN_CONSTANT_CONVERSION = YES;
				CLANG_WARN_DEPRECATED_OBJC_IMPLEMENTATIONS = YES;
				CLANG_WARN_DIRECT_OBJC_ISA_USAGE = YES_ERROR;
				CLANG_WARN_DOCUMENTATION_COMMENTS = YES;
				CLANG_WARN_EMPTY_BODY = YES;
				CLANG_WARN_ENUM_CONVERSION = YES;
				CLANG_WARN_INFINITE_RECURSION = YES;
				CLANG_WARN_INT_CONVERSION = YES;
				CLANG_WARN_NON_LITERAL_NULL_CONVERSION = YES;
				CLANG_WARN_OBJC_IMPLICIT_RETAIN_SELF = YES;
				CLANG_WARN_OBJC_LITERAL_CONVERSION = YES;
				CLANG_WARN_OBJC_ROOT_CLASS = YES_ERROR;
				CLANG_WARN_RANGE_LOOP_ANALYSIS = YES;
				CLANG_WARN_STRICT_PROTOTYPES = YES;
				CLANG_WARN_SUSPICIOUS_MOVE = YES;
				CLANG_WARN_UNGUARDED_AVAILABILITY = YES_AGGRESSIVE;
				CLANG_WARN_UNREACHABLE_CODE = YES;
				CLANG_WARN__DUPLICATE_METHOD_MATCH = YES;
				COPY_PHASE_STRIP = NO;
				DEBUG_INFORMATION_FORMAT = "dwarf-with-dsym";
				ENABLE_NS_ASSERTIONS = NO;
				ENABLE_STRICT_OBJC_MSGSEND = YES;
				GCC_C_LANGUAGE_STANDARD = gnu11;
				GCC_NO_COMMON_BLOCKS = YES;
				GCC_WARN_64_TO_32_BIT_CONVERSION = YES;
				GCC_WARN_ABOUT_RETURN_TYPE = YES_ERROR;
				GCC_WARN_UNDECLARED_SELECTOR = YES;
				GCC_WARN_UNINITIALIZED_AUTOS = YES_AGGRESSIVE;
				GCC_WARN_UNUSED_FUNCTION = YES;
				GCC_WARN_UNUSED_VARIABLE = YES;
				IPHONEOS_DEPLOYMENT_TARGET = 13.5;
				MTL_ENABLE_DEBUG_INFO = NO;
				MTL_FAST_MATH = YES;
				SDKROOT = iphoneos;
				SWIFT_COMPILATION_MODE = wholemodule;
				SWIFT_OPTIMIZATION_LEVEL = "-O";
				VALIDATE_PRODUCT = YES;
			};
			name = Release;
		};
		28D58FA824CBEF8D0089C134 /* Debug */ = {
			isa = XCBuildConfiguration;
			baseConfigurationReference = 97A68EB6E0B8CDD4F08915FE /* Pods-Aroha_SwiftUI.debug.xcconfig */;
			buildSettings = {
				ASSETCATALOG_COMPILER_APPICON_NAME = AppIcon;
				CODE_SIGN_STYLE = Automatic;
				DEVELOPMENT_ASSET_PATHS = "\"Aroha_SwiftUI/Preview Content\"";
				DEVELOPMENT_TEAM = GJ5M883825;
				ENABLE_PREVIEWS = YES;
				INFOPLIST_FILE = Aroha_SwiftUI/Info.plist;
				IPHONEOS_DEPLOYMENT_TARGET = 13.0;
				LD_RUNPATH_SEARCH_PATHS = (
					"$(inherited)",
					"@executable_path/Frameworks",
				);
				PRODUCT_BUNDLE_IDENTIFIER = "KIMSEONGHEON.Aroha-SwiftUI";
				PRODUCT_NAME = "$(TARGET_NAME)";
				SWIFT_VERSION = 5.0;
				TARGETED_DEVICE_FAMILY = "1,2";
			};
			name = Debug;
		};
		28D58FA924CBEF8D0089C134 /* Release */ = {
			isa = XCBuildConfiguration;
			baseConfigurationReference = BDA4A47E0294420048523544 /* Pods-Aroha_SwiftUI.release.xcconfig */;
			buildSettings = {
				ASSETCATALOG_COMPILER_APPICON_NAME = AppIcon;
				CODE_SIGN_STYLE = Automatic;
				DEVELOPMENT_ASSET_PATHS = "\"Aroha_SwiftUI/Preview Content\"";
				DEVELOPMENT_TEAM = 58F897TACF;
				ENABLE_PREVIEWS = YES;
				INFOPLIST_FILE = Aroha_SwiftUI/Info.plist;
				IPHONEOS_DEPLOYMENT_TARGET = 13.0;
				LD_RUNPATH_SEARCH_PATHS = (
					"$(inherited)",
					"@executable_path/Frameworks",
				);
				PRODUCT_BUNDLE_IDENTIFIER = "KIMSEONGHEON.Aroha-SwiftUI";
				PRODUCT_NAME = "$(TARGET_NAME)";
				SWIFT_VERSION = 5.0;
				TARGETED_DEVICE_FAMILY = "1,2";
			};
			name = Release;
		};
		28D58FAB24CBEF8D0089C134 /* Debug */ = {
			isa = XCBuildConfiguration;
			baseConfigurationReference = CC1298B93F3EEC6BFA04A83D /* Pods-Aroha_SwiftUITests.debug.xcconfig */;
			buildSettings = {
				ALWAYS_EMBED_SWIFT_STANDARD_LIBRARIES = YES;
				BUNDLE_LOADER = "$(TEST_HOST)";
				CODE_SIGN_STYLE = Automatic;
				DEVELOPMENT_TEAM = 8GX33365BF;
				INFOPLIST_FILE = Aroha_SwiftUITests/Info.plist;
				IPHONEOS_DEPLOYMENT_TARGET = 13.5;
				LD_RUNPATH_SEARCH_PATHS = (
					"$(inherited)",
					"@executable_path/Frameworks",
					"@loader_path/Frameworks",
				);
				PRODUCT_BUNDLE_IDENTIFIER = "KIMSEONGHEON.Aroha-SwiftUITests";
				PRODUCT_NAME = "$(TARGET_NAME)";
				SWIFT_VERSION = 5.0;
				TARGETED_DEVICE_FAMILY = "1,2";
				TEST_HOST = "$(BUILT_PRODUCTS_DIR)/Aroha_SwiftUI.app/Aroha_SwiftUI";
			};
			name = Debug;
		};
		28D58FAC24CBEF8D0089C134 /* Release */ = {
			isa = XCBuildConfiguration;
			baseConfigurationReference = C535F2FA51DCBA4C79396BB3 /* Pods-Aroha_SwiftUITests.release.xcconfig */;
			buildSettings = {
				ALWAYS_EMBED_SWIFT_STANDARD_LIBRARIES = YES;
				BUNDLE_LOADER = "$(TEST_HOST)";
				CODE_SIGN_STYLE = Automatic;
				DEVELOPMENT_TEAM = 8GX33365BF;
				INFOPLIST_FILE = Aroha_SwiftUITests/Info.plist;
				IPHONEOS_DEPLOYMENT_TARGET = 13.5;
				LD_RUNPATH_SEARCH_PATHS = (
					"$(inherited)",
					"@executable_path/Frameworks",
					"@loader_path/Frameworks",
				);
				PRODUCT_BUNDLE_IDENTIFIER = "KIMSEONGHEON.Aroha-SwiftUITests";
				PRODUCT_NAME = "$(TARGET_NAME)";
				SWIFT_VERSION = 5.0;
				TARGETED_DEVICE_FAMILY = "1,2";
				TEST_HOST = "$(BUILT_PRODUCTS_DIR)/Aroha_SwiftUI.app/Aroha_SwiftUI";
			};
			name = Release;
		};
		28D58FAE24CBEF8D0089C134 /* Debug */ = {
			isa = XCBuildConfiguration;
			baseConfigurationReference = A7D85B68E9E497E8750B43B2 /* Pods-Aroha_SwiftUI-Aroha_SwiftUIUITests.debug.xcconfig */;
			buildSettings = {
				ALWAYS_EMBED_SWIFT_STANDARD_LIBRARIES = YES;
				CODE_SIGN_STYLE = Automatic;
				DEVELOPMENT_TEAM = 8GX33365BF;
				INFOPLIST_FILE = Aroha_SwiftUIUITests/Info.plist;
				LD_RUNPATH_SEARCH_PATHS = (
					"$(inherited)",
					"@executable_path/Frameworks",
					"@loader_path/Frameworks",
				);
				PRODUCT_BUNDLE_IDENTIFIER = "KIMSEONGHEON.Aroha-SwiftUIUITests";
				PRODUCT_NAME = "$(TARGET_NAME)";
				SWIFT_VERSION = 5.0;
				TARGETED_DEVICE_FAMILY = "1,2";
				TEST_TARGET_NAME = Aroha_SwiftUI;
			};
			name = Debug;
		};
		28D58FAF24CBEF8D0089C134 /* Release */ = {
			isa = XCBuildConfiguration;
			baseConfigurationReference = 5ADA9F47334049A47FFBB2C2 /* Pods-Aroha_SwiftUI-Aroha_SwiftUIUITests.release.xcconfig */;
			buildSettings = {
				ALWAYS_EMBED_SWIFT_STANDARD_LIBRARIES = YES;
				CODE_SIGN_STYLE = Automatic;
				DEVELOPMENT_TEAM = 8GX33365BF;
				INFOPLIST_FILE = Aroha_SwiftUIUITests/Info.plist;
				LD_RUNPATH_SEARCH_PATHS = (
					"$(inherited)",
					"@executable_path/Frameworks",
					"@loader_path/Frameworks",
				);
				PRODUCT_BUNDLE_IDENTIFIER = "KIMSEONGHEON.Aroha-SwiftUIUITests";
				PRODUCT_NAME = "$(TARGET_NAME)";
				SWIFT_VERSION = 5.0;
				TARGETED_DEVICE_FAMILY = "1,2";
				TEST_TARGET_NAME = Aroha_SwiftUI;
			};
			name = Release;
		};
/* End XCBuildConfiguration section */

/* Begin XCConfigurationList section */
		28D58F7824CBEF8B0089C134 /* Build configuration list for PBXProject "Aroha_SwiftUI" */ = {
			isa = XCConfigurationList;
			buildConfigurations = (
				28D58FA524CBEF8D0089C134 /* Debug */,
				28D58FA624CBEF8D0089C134 /* Release */,
			);
			defaultConfigurationIsVisible = 0;
			defaultConfigurationName = Release;
		};
		28D58FA724CBEF8D0089C134 /* Build configuration list for PBXNativeTarget "Aroha_SwiftUI" */ = {
			isa = XCConfigurationList;
			buildConfigurations = (
				28D58FA824CBEF8D0089C134 /* Debug */,
				28D58FA924CBEF8D0089C134 /* Release */,
			);
			defaultConfigurationIsVisible = 0;
			defaultConfigurationName = Release;
		};
		28D58FAA24CBEF8D0089C134 /* Build configuration list for PBXNativeTarget "Aroha_SwiftUITests" */ = {
			isa = XCConfigurationList;
			buildConfigurations = (
				28D58FAB24CBEF8D0089C134 /* Debug */,
				28D58FAC24CBEF8D0089C134 /* Release */,
			);
			defaultConfigurationIsVisible = 0;
			defaultConfigurationName = Release;
		};
		28D58FAD24CBEF8D0089C134 /* Build configuration list for PBXNativeTarget "Aroha_SwiftUIUITests" */ = {
			isa = XCConfigurationList;
			buildConfigurations = (
				28D58FAE24CBEF8D0089C134 /* Debug */,
				28D58FAF24CBEF8D0089C134 /* Release */,
			);
			defaultConfigurationIsVisible = 0;
			defaultConfigurationName = Release;
		};
/* End XCConfigurationList section */
	};
	rootObject = 28D58F7524CBEF8B0089C134 /* Project object */;
}
