// !$*UTF8*$!
{
	archiveVersion = 1;
	classes = {
	};
	objectVersion = 51;
	objects = {

/* Begin PBXBuildFile section */
		073B4B479A21EAABBBAC3EEF /* Pods_Aroha_SwiftUI_Aroha_SwiftUIUITests.framework in Frameworks */ = {isa = PBXBuildFile; fileRef = 23878D5A95A3785966BE64C6 /* Pods_Aroha_SwiftUI_Aroha_SwiftUIUITests.framework */; };
		280A8F8224E7D21000C4AD46 /* KU.dae in Resources */ = {isa = PBXBuildFile; fileRef = 280A8F8124E7D21000C4AD46 /* KU.dae */; };
		280A8F8424E91EB800C4AD46 /* materials.mtl in Resources */ = {isa = PBXBuildFile; fileRef = 280A8F8324E91EB800C4AD46 /* materials.mtl */; };
		280A8F8624EA6E8E00C4AD46 /* ImageLoader.swift in Sources */ = {isa = PBXBuildFile; fileRef = 280A8F8524EA6E8E00C4AD46 /* ImageLoader.swift */; };
		280A8F8824EA6FAE00C4AD46 /* StampImageView.swift in Sources */ = {isa = PBXBuildFile; fileRef = 280A8F8724EA6FAE00C4AD46 /* StampImageView.swift */; };
		28247C1C24DE6BE200F89AAA /* Pos.swift in Sources */ = {isa = PBXBuildFile; fileRef = 28247C1B24DE6BE200F89AAA /* Pos.swift */; };
		2844017925025BFD0055DB47 /* BeaconDetailView.swift in Sources */ = {isa = PBXBuildFile; fileRef = 2844017825025BFD0055DB47 /* BeaconDetailView.swift */; };
		2844017B25027D260055DB47 /* GridLayout.swift in Sources */ = {isa = PBXBuildFile; fileRef = 2844017A25027D250055DB47 /* GridLayout.swift */; };
		28468B2124E179B00098AD96 /* HttpRequest.swift in Sources */ = {isa = PBXBuildFile; fileRef = 28468B2024E179B00098AD96 /* HttpRequest.swift */; };
		28468B2424E188640098AD96 /* Pretreatment .swift in Sources */ = {isa = PBXBuildFile; fileRef = 28468B2324E188640098AD96 /* Pretreatment .swift */; };
		284D9D9624F106F00090E35C /* MapView.swift in Sources */ = {isa = PBXBuildFile; fileRef = 284D9D9524F106F00090E35C /* MapView.swift */; };
		288173C524FA162300EBA564 /* DragOverCardView.swift in Sources */ = {isa = PBXBuildFile; fileRef = 288173C424FA162300EBA564 /* DragOverCardView.swift */; };
		288173C724FA163900EBA564 /* DragContentView.swift in Sources */ = {isa = PBXBuildFile; fileRef = 288173C624FA163900EBA564 /* DragContentView.swift */; };
		288173D524FA6FDE00EBA564 /* Spoqa Han Sans Regular.ttf in Resources */ = {isa = PBXBuildFile; fileRef = 288173D024FA6E9B00EBA564 /* Spoqa Han Sans Regular.ttf */; };
		288173DA24FA73D100EBA564 /* BMJUA_ttf.ttf in Resources */ = {isa = PBXBuildFile; fileRef = 288173D924FA73A200EBA564 /* BMJUA_ttf.ttf */; };
		288173DC24FA748D00EBA564 /* BMJUA_otf.otf in Resources */ = {isa = PBXBuildFile; fileRef = 288173DB24FA748900EBA564 /* BMJUA_otf.otf */; };
		288173DE24FA8D4D00EBA564 /* RouteInfo.swift in Sources */ = {isa = PBXBuildFile; fileRef = 288173DD24FA8D4D00EBA564 /* RouteInfo.swift */; };
		288173E124FA8DD000EBA564 /* AboutView.swift in Sources */ = {isa = PBXBuildFile; fileRef = 288173E024FA8DD000EBA564 /* AboutView.swift */; };
		2897154F2515C0BB00BCBD33 /* TourMapView.swift in Sources */ = {isa = PBXBuildFile; fileRef = 2897154E2515C0BB00BCBD33 /* TourMapView.swift */; };
		28B37B38253191E600B2D2BE /* scenepin.png in Resources */ = {isa = PBXBuildFile; fileRef = 28B37B37253191E600B2D2BE /* scenepin.png */; };
		28BB36C8250224DE00722FE0 /* MapViewSettings.swift in Sources */ = {isa = PBXBuildFile; fileRef = 28BB36C7250224DE00722FE0 /* MapViewSettings.swift */; };
		28CBF5B52529AE54006A65E6 /* 12.dae in Resources */ = {isa = PBXBuildFile; fileRef = 28CBF5B42529AE54006A65E6 /* 12.dae */; };
		28CDF7F024CC24AE000EF9E9 /* Tab1Tour.swift in Sources */ = {isa = PBXBuildFile; fileRef = 28CDF7EF24CC24AE000EF9E9 /* Tab1Tour.swift */; };
		28CDF7F224CC2543000EF9E9 /* AR&MapWebView.swift in Sources */ = {isa = PBXBuildFile; fileRef = 28CDF7F124CC2543000EF9E9 /* AR&MapWebView.swift */; };
		28CDF7F424CC3198000EF9E9 /* ARSceneView.swift in Sources */ = {isa = PBXBuildFile; fileRef = 28CDF7F324CC3198000EF9E9 /* ARSceneView.swift */; };
		28CED98F25107F5B00A0AB5F /* Tab1SelectRouteView.swift in Sources */ = {isa = PBXBuildFile; fileRef = 28CED98E25107F5B00A0AB5F /* Tab1SelectRouteView.swift */; };
		28CED9912510822A00A0AB5F /* RouteCardView.swift in Sources */ = {isa = PBXBuildFile; fileRef = 28CED9902510822A00A0AB5F /* RouteCardView.swift */; };
		28CED99325109A3500A0AB5F /* WeatherInfo.swift in Sources */ = {isa = PBXBuildFile; fileRef = 28CED99225109A3500A0AB5F /* WeatherInfo.swift */; };
		28D58F8124CBEF8B0089C134 /* AppDelegate.swift in Sources */ = {isa = PBXBuildFile; fileRef = 28D58F8024CBEF8B0089C134 /* AppDelegate.swift */; };
		28D58F8324CBEF8B0089C134 /* SceneDelegate.swift in Sources */ = {isa = PBXBuildFile; fileRef = 28D58F8224CBEF8B0089C134 /* SceneDelegate.swift */; };
		28D58F8524CBEF8B0089C134 /* ContentView.swift in Sources */ = {isa = PBXBuildFile; fileRef = 28D58F8424CBEF8B0089C134 /* ContentView.swift */; };
		28D58F8724CBEF8D0089C134 /* Assets.xcassets in Resources */ = {isa = PBXBuildFile; fileRef = 28D58F8624CBEF8D0089C134 /* Assets.xcassets */; };
		28D58F8A24CBEF8D0089C134 /* Preview Assets.xcassets in Resources */ = {isa = PBXBuildFile; fileRef = 28D58F8924CBEF8D0089C134 /* Preview Assets.xcassets */; };
		28D58F8D24CBEF8D0089C134 /* LaunchScreen.storyboard in Resources */ = {isa = PBXBuildFile; fileRef = 28D58F8B24CBEF8D0089C134 /* LaunchScreen.storyboard */; };
		28D58F9824CBEF8D0089C134 /* Aroha_SwiftUITests.swift in Sources */ = {isa = PBXBuildFile; fileRef = 28D58F9724CBEF8D0089C134 /* Aroha_SwiftUITests.swift */; };
		28D58FA324CBEF8D0089C134 /* Aroha_SwiftUIUITests.swift in Sources */ = {isa = PBXBuildFile; fileRef = 28D58FA224CBEF8D0089C134 /* Aroha_SwiftUIUITests.swift */; };
		28D58FB124CBF2B50089C134 /* LoginView.swift in Sources */ = {isa = PBXBuildFile; fileRef = 28D58FB024CBF2B50089C134 /* LoginView.swift */; };
		28D58FB724CC02DF0089C134 /* UserSetting.swift in Sources */ = {isa = PBXBuildFile; fileRef = 28D58FB624CC02DF0089C134 /* UserSetting.swift */; };
		28D58FBA24CC05AC0089C134 /* HomeView.swift in Sources */ = {isa = PBXBuildFile; fileRef = 28D58FB924CC05AC0089C134 /* HomeView.swift */; };
		28D58FC224CC0DBF0089C134 /* Tab1Main.swift in Sources */ = {isa = PBXBuildFile; fileRef = 28D58FC124CC0DBF0089C134 /* Tab1Main.swift */; };
		28D58FC724CC0E650089C134 /* Tab2Main.swift in Sources */ = {isa = PBXBuildFile; fileRef = 28D58FC624CC0E650089C134 /* Tab2Main.swift */; };
		28D58FC924CC0E700089C134 /* Tab3Main.swift in Sources */ = {isa = PBXBuildFile; fileRef = 28D58FC824CC0E700089C134 /* Tab3Main.swift */; };
		28D58FCB24CC0E7B0089C134 /* Tab4Main.swift in Sources */ = {isa = PBXBuildFile; fileRef = 28D58FCA24CC0E7B0089C134 /* Tab4Main.swift */; };
		28D58FCD24CC175A0089C134 /* SnapCarousel.swift in Sources */ = {isa = PBXBuildFile; fileRef = 28D58FCC24CC175A0089C134 /* SnapCarousel.swift */; };
		28DB638B24E2C80500ACF155 /* enum.swift in Sources */ = {isa = PBXBuildFile; fileRef = 28DB638A24E2C80500ACF155 /* enum.swift */; };
		28E1FE85250F81C900EB1AC2 /* UserInfo.swift in Sources */ = {isa = PBXBuildFile; fileRef = 28E1FE84250F81C900EB1AC2 /* UserInfo.swift */; };
		28E2BD3824FA99C10018F8A3 /* SearchSheetView.swift in Sources */ = {isa = PBXBuildFile; fileRef = 28E2BD3724FA99C10018F8A3 /* SearchSheetView.swift */; };
		28E2BD3A24FAA1A50018F8A3 /* BeaconInfo.swift in Sources */ = {isa = PBXBuildFile; fileRef = 28E2BD3924FAA1A50018F8A3 /* BeaconInfo.swift */; };
		7FCFDA62D611DF01FA4644AF /* Pods_Aroha_SwiftUI.framework in Frameworks */ = {isa = PBXBuildFile; fileRef = 35C5988D8581C897919D827C /* Pods_Aroha_SwiftUI.framework */; };
		CC92D7D0EE63EA0EA6D3998E /* Pods_Aroha_SwiftUITests.framework in Frameworks */ = {isa = PBXBuildFile; fileRef = 4A65F5E702286E7730D5B165 /* Pods_Aroha_SwiftUITests.framework */; };
/* End PBXBuildFile section */

/* Begin PBXContainerItemProxy section */
		28D58F9424CBEF8D0089C134 /* PBXContainerItemProxy */ = {
			isa = PBXContainerItemProxy;
			containerPortal = 28D58F7524CBEF8B0089C134 /* Project object */;
			proxyType = 1;
			remoteGlobalIDString = 28D58F7C24CBEF8B0089C134;
			remoteInfo = Aroha_SwiftUI;
		};
		28D58F9F24CBEF8D0089C134 /* PBXContainerItemProxy */ = {
			isa = PBXContainerItemProxy;
			containerPortal = 28D58F7524CBEF8B0089C134 /* Project object */;
			proxyType = 1;
			remoteGlobalIDString = 28D58F7C24CBEF8B0089C134;
			remoteInfo = Aroha_SwiftUI;
		};
/* End PBXContainerItemProxy section */

/* Begin PBXFileReference section */
		23878D5A95A3785966BE64C6 /* Pods_Aroha_SwiftUI_Aroha_SwiftUIUITests.framework */ = {isa = PBXFileReference; explicitFileType = wrapper.framework; includeInIndex = 0; path = Pods_Aroha_SwiftUI_Aroha_SwiftUIUITests.framework; sourceTree = BUILT_PRODUCTS_DIR; };
		280A8F8124E7D21000C4AD46 /* KU.dae */ = {isa = PBXFileReference; fileEncoding = 4; lastKnownFileType = text.xml.dae; path = KU.dae; sourceTree = "<group>"; };
		280A8F8324E91EB800C4AD46 /* materials.mtl */ = {isa = PBXFileReference; fileEncoding = 4; lastKnownFileType = text; path = materials.mtl; sourceTree = "<group>"; };
		280A8F8524EA6E8E00C4AD46 /* ImageLoader.swift */ = {isa = PBXFileReference; lastKnownFileType = sourcecode.swift; path = ImageLoader.swift; sourceTree = "<group>"; };
		280A8F8724EA6FAE00C4AD46 /* StampImageView.swift */ = {isa = PBXFileReference; lastKnownFileType = sourcecode.swift; path = StampImageView.swift; sourceTree = "<group>"; };
		28247C1B24DE6BE200F89AAA /* Pos.swift */ = {isa = PBXFileReference; lastKnownFileType = sourcecode.swift; path = Pos.swift; sourceTree = "<group>"; };
		2844017825025BFD0055DB47 /* BeaconDetailView.swift */ = {isa = PBXFileReference; lastKnownFileType = sourcecode.swift; path = BeaconDetailView.swift; sourceTree = "<group>"; };
		2844017A25027D250055DB47 /* GridLayout.swift */ = {isa = PBXFileReference; lastKnownFileType = sourcecode.swift; path = GridLayout.swift; sourceTree = "<group>"; };
		28468B2024E179B00098AD96 /* HttpRequest.swift */ = {isa = PBXFileReference; lastKnownFileType = sourcecode.swift; path = HttpRequest.swift; sourceTree = "<group>"; wrapsLines = 0; };
		28468B2324E188640098AD96 /* Pretreatment .swift */ = {isa = PBXFileReference; lastKnownFileType = sourcecode.swift; path = "Pretreatment .swift"; sourceTree = "<group>"; };
		284D9D9524F106F00090E35C /* MapView.swift */ = {isa = PBXFileReference; lastKnownFileType = sourcecode.swift; path = MapView.swift; sourceTree = "<group>"; };
		288173C424FA162300EBA564 /* DragOverCardView.swift */ = {isa = PBXFileReference; lastKnownFileType = sourcecode.swift; path = DragOverCardView.swift; sourceTree = "<group>"; };
		288173C624FA163900EBA564 /* DragContentView.swift */ = {isa = PBXFileReference; lastKnownFileType = sourcecode.swift; path = DragContentView.swift; sourceTree = "<group>"; };
		288173D024FA6E9B00EBA564 /* Spoqa Han Sans Regular.ttf */ = {isa = PBXFileReference; lastKnownFileType = file; path = "Spoqa Han Sans Regular.ttf"; sourceTree = "<group>"; };
		288173D924FA73A200EBA564 /* BMJUA_ttf.ttf */ = {isa = PBXFileReference; lastKnownFileType = file; path = BMJUA_ttf.ttf; sourceTree = "<group>"; };
		288173DB24FA748900EBA564 /* BMJUA_otf.otf */ = {isa = PBXFileReference; lastKnownFileType = file; path = BMJUA_otf.otf; sourceTree = "<group>"; };
		288173DD24FA8D4D00EBA564 /* RouteInfo.swift */ = {isa = PBXFileReference; lastKnownFileType = sourcecode.swift; path = RouteInfo.swift; sourceTree = "<group>"; };
		288173E024FA8DD000EBA564 /* AboutView.swift */ = {isa = PBXFileReference; lastKnownFileType = sourcecode.swift; path = AboutView.swift; sourceTree = "<group>"; };
		2897154E2515C0BB00BCBD33 /* TourMapView.swift */ = {isa = PBXFileReference; lastKnownFileType = sourcecode.swift; path = TourMapView.swift; sourceTree = "<group>"; };
		28B37B37253191E600B2D2BE /* scenepin.png */ = {isa = PBXFileReference; lastKnownFileType = image.png; path = scenepin.png; sourceTree = "<group>"; };
		28BB36C7250224DE00722FE0 /* MapViewSettings.swift */ = {isa = PBXFileReference; lastKnownFileType = sourcecode.swift; path = MapViewSettings.swift; sourceTree = "<group>"; };
		28CBF5B42529AE54006A65E6 /* 12.dae */ = {isa = PBXFileReference; fileEncoding = 4; lastKnownFileType = text.xml.dae; path = 12.dae; sourceTree = "<group>"; };
		28CDF7EF24CC24AE000EF9E9 /* Tab1Tour.swift */ = {isa = PBXFileReference; lastKnownFileType = sourcecode.swift; path = Tab1Tour.swift; sourceTree = "<group>"; };
		28CDF7F124CC2543000EF9E9 /* AR&MapWebView.swift */ = {isa = PBXFileReference; lastKnownFileType = sourcecode.swift; path = "AR&MapWebView.swift"; sourceTree = "<group>"; };
		28CDF7F324CC3198000EF9E9 /* ARSceneView.swift */ = {isa = PBXFileReference; lastKnownFileType = sourcecode.swift; path = ARSceneView.swift; sourceTree = "<group>"; };
		28CED98E25107F5B00A0AB5F /* Tab1SelectRouteView.swift */ = {isa = PBXFileReference; lastKnownFileType = sourcecode.swift; path = Tab1SelectRouteView.swift; sourceTree = "<group>"; };
		28CED9902510822A00A0AB5F /* RouteCardView.swift */ = {isa = PBXFileReference; lastKnownFileType = sourcecode.swift; path = RouteCardView.swift; sourceTree = "<group>"; };
		28CED99225109A3500A0AB5F /* WeatherInfo.swift */ = {isa = PBXFileReference; lastKnownFileType = sourcecode.swift; path = WeatherInfo.swift; sourceTree = "<group>"; };
		28D58F7D24CBEF8B0089C134 /* Aroha_SwiftUI.app */ = {isa = PBXFileReference; explicitFileType = wrapper.application; includeInIndex = 0; path = Aroha_SwiftUI.app; sourceTree = BUILT_PRODUCTS_DIR; };
		28D58F8024CBEF8B0089C134 /* AppDelegate.swift */ = {isa = PBXFileReference; lastKnownFileType = sourcecode.swift; path = AppDelegate.swift; sourceTree = "<group>"; };
		28D58F8224CBEF8B0089C134 /* SceneDelegate.swift */ = {isa = PBXFileReference; lastKnownFileType = sourcecode.swift; path = SceneDelegate.swift; sourceTree = "<group>"; };
		28D58F8424CBEF8B0089C134 /* ContentView.swift */ = {isa = PBXFileReference; lastKnownFileType = sourcecode.swift; path = ContentView.swift; sourceTree = "<group>"; };
		28D58F8624CBEF8D0089C134 /* Assets.xcassets */ = {isa = PBXFileReference; lastKnownFileType = folder.assetcatalog; path = Assets.xcassets; sourceTree = "<group>"; };
		28D58F8924CBEF8D0089C134 /* Preview Assets.xcassets */ = {isa = PBXFileReference; lastKnownFileType = folder.assetcatalog; path = "Preview Assets.xcassets"; sourceTree = "<group>"; };
		28D58F8C24CBEF8D0089C134 /* Base */ = {isa = PBXFileReference; lastKnownFileType = file.storyboard; name = Base; path = Base.lproj/LaunchScreen.storyboard; sourceTree = "<group>"; };
		28D58F8E24CBEF8D0089C134 /* Info.plist */ = {isa = PBXFileReference; lastKnownFileType = text.plist.xml; path = Info.plist; sourceTree = "<group>"; };
		28D58F9324CBEF8D0089C134 /* Aroha_SwiftUITests.xctest */ = {isa = PBXFileReference; explicitFileType = wrapper.cfbundle; includeInIndex = 0; path = Aroha_SwiftUITests.xctest; sourceTree = BUILT_PRODUCTS_DIR; };
		28D58F9724CBEF8D0089C134 /* Aroha_SwiftUITests.swift */ = {isa = PBXFileReference; lastKnownFileType = sourcecode.swift; path = Aroha_SwiftUITests.swift; sourceTree = "<group>"; };
		28D58F9924CBEF8D0089C134 /* Info.plist */ = {isa = PBXFileReference; lastKnownFileType = text.plist.xml; path = Info.plist; sourceTree = "<group>"; };
		28D58F9E24CBEF8D0089C134 /* Aroha_SwiftUIUITests.xctest */ = {isa = PBXFileReference; explicitFileType = wrapper.cfbundle; includeInIndex = 0; path = Aroha_SwiftUIUITests.xctest; sourceTree = BUILT_PRODUCTS_DIR; };
		28D58FA224CBEF8D0089C134 /* Aroha_SwiftUIUITests.swift */ = {isa = PBXFileReference; lastKnownFileType = sourcecode.swift; path = Aroha_SwiftUIUITests.swift; sourceTree = "<group>"; };
		28D58FA424CBEF8D0089C134 /* Info.plist */ = {isa = PBXFileReference; lastKnownFileType = text.plist.xml; path = Info.plist; sourceTree = "<group>"; };
		28D58FB024CBF2B50089C134 /* LoginView.swift */ = {isa = PBXFileReference; lastKnownFileType = sourcecode.swift; path = LoginView.swift; sourceTree = "<group>"; };
		28D58FB624CC02DF0089C134 /* UserSetting.swift */ = {isa = PBXFileReference; lastKnownFileType = sourcecode.swift; path = UserSetting.swift; sourceTree = "<group>"; };
		28D58FB924CC05AC0089C134 /* HomeView.swift */ = {isa = PBXFileReference; lastKnownFileType = sourcecode.swift; path = HomeView.swift; sourceTree = "<group>"; };
		28D58FC124CC0DBF0089C134 /* Tab1Main.swift */ = {isa = PBXFileReference; lastKnownFileType = sourcecode.swift; path = Tab1Main.swift; sourceTree = "<group>"; };
		28D58FC624CC0E650089C134 /* Tab2Main.swift */ = {isa = PBXFileReference; lastKnownFileType = sourcecode.swift; path = Tab2Main.swift; sourceTree = "<group>"; };
		28D58FC824CC0E700089C134 /* Tab3Main.swift */ = {isa = PBXFileReference; lastKnownFileType = sourcecode.swift; path = Tab3Main.swift; sourceTree = "<group>"; };
		28D58FCA24CC0E7B0089C134 /* Tab4Main.swift */ = {isa = PBXFileReference; lastKnownFileType = sourcecode.swift; path = Tab4Main.swift; sourceTree = "<group>"; };
		28D58FCC24CC175A0089C134 /* SnapCarousel.swift */ = {isa = PBXFileReference; lastKnownFileType = sourcecode.swift; path = SnapCarousel.swift; sourceTree = "<group>"; };
		28DB638A24E2C80500ACF155 /* enum.swift */ = {isa = PBXFileReference; lastKnownFileType = sourcecode.swift; path = enum.swift; sourceTree = "<group>"; };
		28E1FE84250F81C900EB1AC2 /* UserInfo.swift */ = {isa = PBXFileReference; lastKnownFileType = sourcecode.swift; path = UserInfo.swift; sourceTree = "<group>"; };
		28E2BD3724FA99C10018F8A3 /* SearchSheetView.swift */ = {isa = PBXFileReference; lastKnownFileType = sourcecode.swift; path = SearchSheetView.swift; sourceTree = "<group>"; };
		28E2BD3924FAA1A50018F8A3 /* BeaconInfo.swift */ = {isa = PBXFileReference; lastKnownFileType = sourcecode.swift; path = BeaconInfo.swift; sourceTree = "<group>"; };
		35C5988D8581C897919D827C /* Pods_Aroha_SwiftUI.framework */ = {isa = PBXFileReference; explicitFileType = wrapper.framework; includeInIndex = 0; path = Pods_Aroha_SwiftUI.framework; sourceTree = BUILT_PRODUCTS_DIR; };
		4A65F5E702286E7730D5B165 /* Pods_Aroha_SwiftUITests.framework */ = {isa = PBXFileReference; explicitFileType = wrapper.framework; includeInIndex = 0; path = Pods_Aroha_SwiftUITests.framework; sourceTree = BUILT_PRODUCTS_DIR; };
		571D81CDFCC604E3B9469B47 /* Pods-Aroha_SwiftUI-Aroha_SwiftUIUITests.debug.xcconfig */ = {isa = PBXFileReference; includeInIndex = 1; lastKnownFileType = text.xcconfig; name = "Pods-Aroha_SwiftUI-Aroha_SwiftUIUITests.debug.xcconfig"; path = "Target Support Files/Pods-Aroha_SwiftUI-Aroha_SwiftUIUITests/Pods-Aroha_SwiftUI-Aroha_SwiftUIUITests.debug.xcconfig"; sourceTree = "<group>"; };
		5C6478A7FDB49E58ADBFCF8E /* Pods-Aroha_SwiftUITests.release.xcconfig */ = {isa = PBXFileReference; includeInIndex = 1; lastKnownFileType = text.xcconfig; name = "Pods-Aroha_SwiftUITests.release.xcconfig"; path = "Target Support Files/Pods-Aroha_SwiftUITests/Pods-Aroha_SwiftUITests.release.xcconfig"; sourceTree = "<group>"; };
		617B03C4E595FA2681F7F166 /* Pods-Aroha_SwiftUI.release.xcconfig */ = {isa = PBXFileReference; includeInIndex = 1; lastKnownFileType = text.xcconfig; name = "Pods-Aroha_SwiftUI.release.xcconfig"; path = "Target Support Files/Pods-Aroha_SwiftUI/Pods-Aroha_SwiftUI.release.xcconfig"; sourceTree = "<group>"; };
		8F8B36767FDFEC37C25BBD46 /* Pods-Aroha_SwiftUI-Aroha_SwiftUIUITests.release.xcconfig */ = {isa = PBXFileReference; includeInIndex = 1; lastKnownFileType = text.xcconfig; name = "Pods-Aroha_SwiftUI-Aroha_SwiftUIUITests.release.xcconfig"; path = "Target Support Files/Pods-Aroha_SwiftUI-Aroha_SwiftUIUITests/Pods-Aroha_SwiftUI-Aroha_SwiftUIUITests.release.xcconfig"; sourceTree = "<group>"; };
		9F5A242255CF4069479DB863 /* Pods-Aroha_SwiftUITests.debug.xcconfig */ = {isa = PBXFileReference; includeInIndex = 1; lastKnownFileType = text.xcconfig; name = "Pods-Aroha_SwiftUITests.debug.xcconfig"; path = "Target Support Files/Pods-Aroha_SwiftUITests/Pods-Aroha_SwiftUITests.debug.xcconfig"; sourceTree = "<group>"; };
		BE1769C02AB3516D49C401E8 /* Pods-Aroha_SwiftUI.debug.xcconfig */ = {isa = PBXFileReference; includeInIndex = 1; lastKnownFileType = text.xcconfig; name = "Pods-Aroha_SwiftUI.debug.xcconfig"; path = "Target Support Files/Pods-Aroha_SwiftUI/Pods-Aroha_SwiftUI.debug.xcconfig"; sourceTree = "<group>"; };
/* End PBXFileReference section */

/* Begin PBXFrameworksBuildPhase section */
		28D58F7A24CBEF8B0089C134 /* Frameworks */ = {
			isa = PBXFrameworksBuildPhase;
			buildActionMask = 2147483647;
			files = (
				7FCFDA62D611DF01FA4644AF /* Pods_Aroha_SwiftUI.framework in Frameworks */,
			);
			runOnlyForDeploymentPostprocessing = 0;
		};
		28D58F9024CBEF8D0089C134 /* Frameworks */ = {
			isa = PBXFrameworksBuildPhase;
			buildActionMask = 2147483647;
			files = (
				CC92D7D0EE63EA0EA6D3998E /* Pods_Aroha_SwiftUITests.framework in Frameworks */,
			);
			runOnlyForDeploymentPostprocessing = 0;
		};
		28D58F9B24CBEF8D0089C134 /* Frameworks */ = {
			isa = PBXFrameworksBuildPhase;
			buildActionMask = 2147483647;
			files = (
				073B4B479A21EAABBBAC3EEF /* Pods_Aroha_SwiftUI_Aroha_SwiftUIUITests.framework in Frameworks */,
			);
			runOnlyForDeploymentPostprocessing = 0;
		};
/* End PBXFrameworksBuildPhase section */

/* Begin PBXGroup section */
		28247C1A24DE6BD100F89AAA /* Data */ = {
			isa = PBXGroup;
			children = (
				28247C1B24DE6BE200F89AAA /* Pos.swift */,
				28DB638A24E2C80500ACF155 /* enum.swift */,
				288173DD24FA8D4D00EBA564 /* RouteInfo.swift */,
				28E2BD3924FAA1A50018F8A3 /* BeaconInfo.swift */,
				28E1FE84250F81C900EB1AC2 /* UserInfo.swift */,
				28CED99225109A3500A0AB5F /* WeatherInfo.swift */,
			);
			path = Data;
			sourceTree = "<group>";
		};
		28468B1F24E1798E0098AD96 /* API */ = {
			isa = PBXGroup;
			children = (
				28468B2024E179B00098AD96 /* HttpRequest.swift */,
				280A8F8524EA6E8E00C4AD46 /* ImageLoader.swift */,
			);
			path = API;
			sourceTree = "<group>";
		};
		28468B2224E188470098AD96 /* Pretreatment */ = {
			isa = PBXGroup;
			children = (
				28468B2324E188640098AD96 /* Pretreatment .swift */,
			);
			path = Pretreatment;
			sourceTree = "<group>";
		};
		288173C824FA19DB00EBA564 /* Font */ = {
			isa = PBXGroup;
			children = (
				288173D924FA73A200EBA564 /* BMJUA_ttf.ttf */,
				288173DB24FA748900EBA564 /* BMJUA_otf.otf */,
				288173D024FA6E9B00EBA564 /* Spoqa Han Sans Regular.ttf */,
			);
			path = Font;
			sourceTree = "<group>";
		};
		288173DF24FA8DC100EBA564 /* ETC */ = {
			isa = PBXGroup;
			children = (
				288173E024FA8DD000EBA564 /* AboutView.swift */,
			);
			path = ETC;
			sourceTree = "<group>";
		};
		28CBF5982529A54B006A65E6 /* resource */ = {
			isa = PBXGroup;
			children = (
				28B37B37253191E600B2D2BE /* scenepin.png */,
				280A8F8324E91EB800C4AD46 /* materials.mtl */,
				280A8F8124E7D21000C4AD46 /* KU.dae */,
				28CBF5B42529AE54006A65E6 /* 12.dae */,
			);
			path = resource;
			sourceTree = "<group>";
		};
		28D58F7424CBEF8B0089C134 = {
			isa = PBXGroup;
			children = (
				28D58F7F24CBEF8B0089C134 /* Aroha_SwiftUI */,
				28D58F9624CBEF8D0089C134 /* Aroha_SwiftUITests */,
				28D58FA124CBEF8D0089C134 /* Aroha_SwiftUIUITests */,
				28D58F7E24CBEF8B0089C134 /* Products */,
				6F5140EFC789A1EFC8BB0593 /* Pods */,
				5539F46AD6D1D8CA23035A45 /* Frameworks */,
			);
			sourceTree = "<group>";
		};
		28D58F7E24CBEF8B0089C134 /* Products */ = {
			isa = PBXGroup;
			children = (
				28D58F7D24CBEF8B0089C134 /* Aroha_SwiftUI.app */,
				28D58F9324CBEF8D0089C134 /* Aroha_SwiftUITests.xctest */,
				28D58F9E24CBEF8D0089C134 /* Aroha_SwiftUIUITests.xctest */,
			);
			name = Products;
			sourceTree = "<group>";
		};
		28D58F7F24CBEF8B0089C134 /* Aroha_SwiftUI */ = {
			isa = PBXGroup;
			children = (
				28D58FB624CC02DF0089C134 /* UserSetting.swift */,
				28D58F8024CBEF8B0089C134 /* AppDelegate.swift */,
				28BB36C7250224DE00722FE0 /* MapViewSettings.swift */,
				28CBF5982529A54B006A65E6 /* resource */,
				288173C824FA19DB00EBA564 /* Font */,
				28468B2224E188470098AD96 /* Pretreatment */,
				28468B1F24E1798E0098AD96 /* API */,
				28D58FC024CC0D9F0089C134 /* Tab1 */,
				28D58FC324CC0E1F0089C134 /* Tab2 */,
				28D58FC424CC0E250089C134 /* Tab3 */,
				28D58FC524CC0E2B0089C134 /* Tab4 */,
				28D58FB824CC054E0089C134 /* View */,
				28247C1A24DE6BD100F89AAA /* Data */,
				288173DF24FA8DC100EBA564 /* ETC */,
				28D58F8624CBEF8D0089C134 /* Assets.xcassets */,
				28D58F8224CBEF8B0089C134 /* SceneDelegate.swift */,
				28D58F8B24CBEF8D0089C134 /* LaunchScreen.storyboard */,
				28D58F8E24CBEF8D0089C134 /* Info.plist */,
				28D58F8824CBEF8D0089C134 /* Preview Content */,
			);
			path = Aroha_SwiftUI;
			sourceTree = "<group>";
		};
		28D58F8824CBEF8D0089C134 /* Preview Content */ = {
			isa = PBXGroup;
			children = (
				28D58F8924CBEF8D0089C134 /* Preview Assets.xcassets */,
			);
			path = "Preview Content";
			sourceTree = "<group>";
		};
		28D58F9624CBEF8D0089C134 /* Aroha_SwiftUITests */ = {
			isa = PBXGroup;
			children = (
				28D58F9724CBEF8D0089C134 /* Aroha_SwiftUITests.swift */,
				28D58F9924CBEF8D0089C134 /* Info.plist */,
			);
			path = Aroha_SwiftUITests;
			sourceTree = "<group>";
		};
		28D58FA124CBEF8D0089C134 /* Aroha_SwiftUIUITests */ = {
			isa = PBXGroup;
			children = (
				28D58FA224CBEF8D0089C134 /* Aroha_SwiftUIUITests.swift */,
				28D58FA424CBEF8D0089C134 /* Info.plist */,
			);
			path = Aroha_SwiftUIUITests;
			sourceTree = "<group>";
		};
		28D58FB824CC054E0089C134 /* View */ = {
			isa = PBXGroup;
			children = (
				28D58F8424CBEF8B0089C134 /* ContentView.swift */,
				28D58FB024CBF2B50089C134 /* LoginView.swift */,
				28D58FB924CC05AC0089C134 /* HomeView.swift */,
			);
			path = View;
			sourceTree = "<group>";
		};
		28D58FC024CC0D9F0089C134 /* Tab1 */ = {
			isa = PBXGroup;
			children = (
				28D58FC124CC0DBF0089C134 /* Tab1Main.swift */,
				28D58FCC24CC175A0089C134 /* SnapCarousel.swift */,
				28CDF7EF24CC24AE000EF9E9 /* Tab1Tour.swift */,
				28CDF7F124CC2543000EF9E9 /* AR&MapWebView.swift */,
				28CDF7F324CC3198000EF9E9 /* ARSceneView.swift */,
				280A8F8724EA6FAE00C4AD46 /* StampImageView.swift */,
				28CED98E25107F5B00A0AB5F /* Tab1SelectRouteView.swift */,
				28CED9902510822A00A0AB5F /* RouteCardView.swift */,
				2897154E2515C0BB00BCBD33 /* TourMapView.swift */,
			);
			path = Tab1;
			sourceTree = "<group>";
		};
		28D58FC324CC0E1F0089C134 /* Tab2 */ = {
			isa = PBXGroup;
			children = (
				28D58FC624CC0E650089C134 /* Tab2Main.swift */,
				284D9D9524F106F00090E35C /* MapView.swift */,
				288173C424FA162300EBA564 /* DragOverCardView.swift */,
				288173C624FA163900EBA564 /* DragContentView.swift */,
				28E2BD3724FA99C10018F8A3 /* SearchSheetView.swift */,
				2844017825025BFD0055DB47 /* BeaconDetailView.swift */,
			);
			path = Tab2;
			sourceTree = "<group>";
		};
		28D58FC424CC0E250089C134 /* Tab3 */ = {
			isa = PBXGroup;
			children = (
				28D58FC824CC0E700089C134 /* Tab3Main.swift */,
				2844017A25027D250055DB47 /* GridLayout.swift */,
			);
			path = Tab3;
			sourceTree = "<group>";
		};
		28D58FC524CC0E2B0089C134 /* Tab4 */ = {
			isa = PBXGroup;
			children = (
				28D58FCA24CC0E7B0089C134 /* Tab4Main.swift */,
			);
			name = Tab4;
			sourceTree = "<group>";
		};
		5539F46AD6D1D8CA23035A45 /* Frameworks */ = {
			isa = PBXGroup;
			children = (
				35C5988D8581C897919D827C /* Pods_Aroha_SwiftUI.framework */,
				23878D5A95A3785966BE64C6 /* Pods_Aroha_SwiftUI_Aroha_SwiftUIUITests.framework */,
				4A65F5E702286E7730D5B165 /* Pods_Aroha_SwiftUITests.framework */,
			);
			name = Frameworks;
			sourceTree = "<group>";
		};
		6F5140EFC789A1EFC8BB0593 /* Pods */ = {
			isa = PBXGroup;
			children = (
				BE1769C02AB3516D49C401E8 /* Pods-Aroha_SwiftUI.debug.xcconfig */,
				617B03C4E595FA2681F7F166 /* Pods-Aroha_SwiftUI.release.xcconfig */,
				571D81CDFCC604E3B9469B47 /* Pods-Aroha_SwiftUI-Aroha_SwiftUIUITests.debug.xcconfig */,
				8F8B36767FDFEC37C25BBD46 /* Pods-Aroha_SwiftUI-Aroha_SwiftUIUITests.release.xcconfig */,
				9F5A242255CF4069479DB863 /* Pods-Aroha_SwiftUITests.debug.xcconfig */,
				5C6478A7FDB49E58ADBFCF8E /* Pods-Aroha_SwiftUITests.release.xcconfig */,
			);
			path = Pods;
			sourceTree = "<group>";
		};
/* End PBXGroup section */

/* Begin PBXNativeTarget section */
		28D58F7C24CBEF8B0089C134 /* Aroha_SwiftUI */ = {
			isa = PBXNativeTarget;
			buildConfigurationList = 28D58FA724CBEF8D0089C134 /* Build configuration list for PBXNativeTarget "Aroha_SwiftUI" */;
			buildPhases = (
				743EF13ABBC5F9D966B0D756 /* [CP] Check Pods Manifest.lock */,
				28D58F7924CBEF8B0089C134 /* Sources */,
				28D58F7A24CBEF8B0089C134 /* Frameworks */,
				28D58F7B24CBEF8B0089C134 /* Resources */,
				7AC5EE6F7E388F00F4F50254 /* [CP] Embed Pods Frameworks */,
			);
			buildRules = (
			);
			dependencies = (
			);
			name = Aroha_SwiftUI;
			productName = Aroha_SwiftUI;
			productReference = 28D58F7D24CBEF8B0089C134 /* Aroha_SwiftUI.app */;
			productType = "com.apple.product-type.application";
		};
		28D58F9224CBEF8D0089C134 /* Aroha_SwiftUITests */ = {
			isa = PBXNativeTarget;
			buildConfigurationList = 28D58FAA24CBEF8D0089C134 /* Build configuration list for PBXNativeTarget "Aroha_SwiftUITests" */;
			buildPhases = (
				77C3D4620015F342C83DD203 /* [CP] Check Pods Manifest.lock */,
				28D58F8F24CBEF8D0089C134 /* Sources */,
				28D58F9024CBEF8D0089C134 /* Frameworks */,
				28D58F9124CBEF8D0089C134 /* Resources */,
			);
			buildRules = (
			);
			dependencies = (
				28D58F9524CBEF8D0089C134 /* PBXTargetDependency */,
			);
			name = Aroha_SwiftUITests;
			productName = Aroha_SwiftUITests;
			productReference = 28D58F9324CBEF8D0089C134 /* Aroha_SwiftUITests.xctest */;
			productType = "com.apple.product-type.bundle.unit-test";
		};
		28D58F9D24CBEF8D0089C134 /* Aroha_SwiftUIUITests */ = {
			isa = PBXNativeTarget;
			buildConfigurationList = 28D58FAD24CBEF8D0089C134 /* Build configuration list for PBXNativeTarget "Aroha_SwiftUIUITests" */;
			buildPhases = (
				BFA68CDFA475F2B19D2E8048 /* [CP] Check Pods Manifest.lock */,
				28D58F9A24CBEF8D0089C134 /* Sources */,
				28D58F9B24CBEF8D0089C134 /* Frameworks */,
				28D58F9C24CBEF8D0089C134 /* Resources */,
				7CC950D26FD8954A010D2A31 /* [CP] Embed Pods Frameworks */,
			);
			buildRules = (
			);
			dependencies = (
				28D58FA024CBEF8D0089C134 /* PBXTargetDependency */,
			);
			name = Aroha_SwiftUIUITests;
			productName = Aroha_SwiftUIUITests;
			productReference = 28D58F9E24CBEF8D0089C134 /* Aroha_SwiftUIUITests.xctest */;
			productType = "com.apple.product-type.bundle.ui-testing";
		};
/* End PBXNativeTarget section */

/* Begin PBXProject section */
		28D58F7524CBEF8B0089C134 /* Project object */ = {
			isa = PBXProject;
			attributes = {
				LastSwiftUpdateCheck = 1150;
				LastUpgradeCheck = 1150;
				ORGANIZATIONNAME = "김성헌";
				TargetAttributes = {
					28D58F7C24CBEF8B0089C134 = {
						CreatedOnToolsVersion = 11.5;
					};
					28D58F9224CBEF8D0089C134 = {
						CreatedOnToolsVersion = 11.5;
						TestTargetID = 28D58F7C24CBEF8B0089C134;
					};
					28D58F9D24CBEF8D0089C134 = {
						CreatedOnToolsVersion = 11.5;
						TestTargetID = 28D58F7C24CBEF8B0089C134;
					};
				};
			};
			buildConfigurationList = 28D58F7824CBEF8B0089C134 /* Build configuration list for PBXProject "Aroha_SwiftUI" */;
			compatibilityVersion = "Xcode 9.3";
			developmentRegion = en;
			hasScannedForEncodings = 0;
			knownRegions = (
				en,
				Base,
			);
			mainGroup = 28D58F7424CBEF8B0089C134;
			productRefGroup = 28D58F7E24CBEF8B0089C134 /* Products */;
			projectDirPath = "";
			projectRoot = "";
			targets = (
				28D58F7C24CBEF8B0089C134 /* Aroha_SwiftUI */,
				28D58F9224CBEF8D0089C134 /* Aroha_SwiftUITests */,
				28D58F9D24CBEF8D0089C134 /* Aroha_SwiftUIUITests */,
			);
		};
/* End PBXProject section */

/* Begin PBXResourcesBuildPhase section */
		28D58F7B24CBEF8B0089C134 /* Resources */ = {
			isa = PBXResourcesBuildPhase;
			buildActionMask = 2147483647;
			files = (
				288173DA24FA73D100EBA564 /* BMJUA_ttf.ttf in Resources */,
				28B37B38253191E600B2D2BE /* scenepin.png in Resources */,
				280A8F8224E7D21000C4AD46 /* KU.dae in Resources */,
				288173D524FA6FDE00EBA564 /* Spoqa Han Sans Regular.ttf in Resources */,
				288173DC24FA748D00EBA564 /* BMJUA_otf.otf in Resources */,
				28D58F8D24CBEF8D0089C134 /* LaunchScreen.storyboard in Resources */,
				28D58F8A24CBEF8D0089C134 /* Preview Assets.xcassets in Resources */,
				28CBF5B52529AE54006A65E6 /* 12.dae in Resources */,
				280A8F8424E91EB800C4AD46 /* materials.mtl in Resources */,
				28D58F8724CBEF8D0089C134 /* Assets.xcassets in Resources */,
			);
			runOnlyForDeploymentPostprocessing = 0;
		};
		28D58F9124CBEF8D0089C134 /* Resources */ = {
			isa = PBXResourcesBuildPhase;
			buildActionMask = 2147483647;
			files = (
			);
			runOnlyForDeploymentPostprocessing = 0;
		};
		28D58F9C24CBEF8D0089C134 /* Resources */ = {
			isa = PBXResourcesBuildPhase;
			buildActionMask = 2147483647;
			files = (
			);
			runOnlyForDeploymentPostprocessing = 0;
		};
/* End PBXResourcesBuildPhase section */

/* Begin PBXShellScriptBuildPhase section */
		743EF13ABBC5F9D966B0D756 /* [CP] Check Pods Manifest.lock */ = {
			isa = PBXShellScriptBuildPhase;
			buildActionMask = 2147483647;
			files = (
			);
			inputFileListPaths = (
			);
			inputPaths = (
				"${PODS_PODFILE_DIR_PATH}/Podfile.lock",
				"${PODS_ROOT}/Manifest.lock",
			);
			name = "[CP] Check Pods Manifest.lock";
			outputFileListPaths = (
			);
			outputPaths = (
				"$(DERIVED_FILE_DIR)/Pods-Aroha_SwiftUI-checkManifestLockResult.txt",
			);
			runOnlyForDeploymentPostprocessing = 0;
			shellPath = /bin/sh;
			shellScript = "diff \"${PODS_PODFILE_DIR_PATH}/Podfile.lock\" \"${PODS_ROOT}/Manifest.lock\" > /dev/null\nif [ $? != 0 ] ; then\n    # print error to STDERR\n    echo \"error: The sandbox is not in sync with the Podfile.lock. Run 'pod install' or update your CocoaPods installation.\" >&2\n    exit 1\nfi\n# This output is used by Xcode 'outputs' to avoid re-running this script phase.\necho \"SUCCESS\" > \"${SCRIPT_OUTPUT_FILE_0}\"\n";
			showEnvVarsInLog = 0;
		};
		77C3D4620015F342C83DD203 /* [CP] Check Pods Manifest.lock */ = {
			isa = PBXShellScriptBuildPhase;
			buildActionMask = 2147483647;
			files = (
			);
			inputFileListPaths = (
			);
			inputPaths = (
				"${PODS_PODFILE_DIR_PATH}/Podfile.lock",
				"${PODS_ROOT}/Manifest.lock",
			);
			name = "[CP] Check Pods Manifest.lock";
			outputFileListPaths = (
			);
			outputPaths = (
				"$(DERIVED_FILE_DIR)/Pods-Aroha_SwiftUITests-checkManifestLockResult.txt",
			);
			runOnlyForDeploymentPostprocessing = 0;
			shellPath = /bin/sh;
			shellScript = "diff \"${PODS_PODFILE_DIR_PATH}/Podfile.lock\" \"${PODS_ROOT}/Manifest.lock\" > /dev/null\nif [ $? != 0 ] ; then\n    # print error to STDERR\n    echo \"error: The sandbox is not in sync with the Podfile.lock. Run 'pod install' or update your CocoaPods installation.\" >&2\n    exit 1\nfi\n# This output is used by Xcode 'outputs' to avoid re-running this script phase.\necho \"SUCCESS\" > \"${SCRIPT_OUTPUT_FILE_0}\"\n";
			showEnvVarsInLog = 0;
		};
		7AC5EE6F7E388F00F4F50254 /* [CP] Embed Pods Frameworks */ = {
			isa = PBXShellScriptBuildPhase;
			buildActionMask = 2147483647;
			files = (
			);
			inputFileListPaths = (
				"${PODS_ROOT}/Target Support Files/Pods-Aroha_SwiftUI/Pods-Aroha_SwiftUI-frameworks-${CONFIGURATION}-input-files.xcfilelist",
			);
			name = "[CP] Embed Pods Frameworks";
			outputFileListPaths = (
				"${PODS_ROOT}/Target Support Files/Pods-Aroha_SwiftUI/Pods-Aroha_SwiftUI-frameworks-${CONFIGURATION}-output-files.xcfilelist",
			);
			runOnlyForDeploymentPostprocessing = 0;
			shellPath = /bin/sh;
			shellScript = "\"${PODS_ROOT}/Target Support Files/Pods-Aroha_SwiftUI/Pods-Aroha_SwiftUI-frameworks.sh\"\n";
			showEnvVarsInLog = 0;
		};
		7CC950D26FD8954A010D2A31 /* [CP] Embed Pods Frameworks */ = {
			isa = PBXShellScriptBuildPhase;
			buildActionMask = 2147483647;
			files = (
			);
			inputFileListPaths = (
				"${PODS_ROOT}/Target Support Files/Pods-Aroha_SwiftUI-Aroha_SwiftUIUITests/Pods-Aroha_SwiftUI-Aroha_SwiftUIUITests-frameworks-${CONFIGURATION}-input-files.xcfilelist",
			);
			name = "[CP] Embed Pods Frameworks";
			outputFileListPaths = (
				"${PODS_ROOT}/Target Support Files/Pods-Aroha_SwiftUI-Aroha_SwiftUIUITests/Pods-Aroha_SwiftUI-Aroha_SwiftUIUITests-frameworks-${CONFIGURATION}-output-files.xcfilelist",
			);
			runOnlyForDeploymentPostprocessing = 0;
			shellPath = /bin/sh;
			shellScript = "\"${PODS_ROOT}/Target Support Files/Pods-Aroha_SwiftUI-Aroha_SwiftUIUITests/Pods-Aroha_SwiftUI-Aroha_SwiftUIUITests-frameworks.sh\"\n";
			showEnvVarsInLog = 0;
		};
		BFA68CDFA475F2B19D2E8048 /* [CP] Check Pods Manifest.lock */ = {
			isa = PBXShellScriptBuildPhase;
			buildActionMask = 2147483647;
			files = (
			);
			inputFileListPaths = (
			);
			inputPaths = (
				"${PODS_PODFILE_DIR_PATH}/Podfile.lock",
				"${PODS_ROOT}/Manifest.lock",
			);
			name = "[CP] Check Pods Manifest.lock";
			outputFileListPaths = (
			);
			outputPaths = (
				"$(DERIVED_FILE_DIR)/Pods-Aroha_SwiftUI-Aroha_SwiftUIUITests-checkManifestLockResult.txt",
			);
			runOnlyForDeploymentPostprocessing = 0;
			shellPath = /bin/sh;
			shellScript = "diff \"${PODS_PODFILE_DIR_PATH}/Podfile.lock\" \"${PODS_ROOT}/Manifest.lock\" > /dev/null\nif [ $? != 0 ] ; then\n    # print error to STDERR\n    echo \"error: The sandbox is not in sync with the Podfile.lock. Run 'pod install' or update your CocoaPods installation.\" >&2\n    exit 1\nfi\n# This output is used by Xcode 'outputs' to avoid re-running this script phase.\necho \"SUCCESS\" > \"${SCRIPT_OUTPUT_FILE_0}\"\n";
			showEnvVarsInLog = 0;
		};
/* End PBXShellScriptBuildPhase section */

/* Begin PBXSourcesBuildPhase section */
		28D58F7924CBEF8B0089C134 /* Sources */ = {
			isa = PBXSourcesBuildPhase;
			buildActionMask = 2147483647;
			files = (
				28CDF7F024CC24AE000EF9E9 /* Tab1Tour.swift in Sources */,
				28247C1C24DE6BE200F89AAA /* Pos.swift in Sources */,
				28D58F8124CBEF8B0089C134 /* AppDelegate.swift in Sources */,
				28E2BD3A24FAA1A50018F8A3 /* BeaconInfo.swift in Sources */,
				28CDF7F224CC2543000EF9E9 /* AR&MapWebView.swift in Sources */,
				288173E124FA8DD000EBA564 /* AboutView.swift in Sources */,
				28D58FCD24CC175A0089C134 /* SnapCarousel.swift in Sources */,
				28CED98F25107F5B00A0AB5F /* Tab1SelectRouteView.swift in Sources */,
				28BB36C8250224DE00722FE0 /* MapViewSettings.swift in Sources */,
				28E2BD3824FA99C10018F8A3 /* SearchSheetView.swift in Sources */,
				28468B2124E179B00098AD96 /* HttpRequest.swift in Sources */,
				28D58FCB24CC0E7B0089C134 /* Tab4Main.swift in Sources */,
				28D58F8324CBEF8B0089C134 /* SceneDelegate.swift in Sources */,
				28D58FB124CBF2B50089C134 /* LoginView.swift in Sources */,
				284D9D9624F106F00090E35C /* MapView.swift in Sources */,
				28D58FBA24CC05AC0089C134 /* HomeView.swift in Sources */,
				28DB638B24E2C80500ACF155 /* enum.swift in Sources */,
				288173DE24FA8D4D00EBA564 /* RouteInfo.swift in Sources */,
				288173C724FA163900EBA564 /* DragContentView.swift in Sources */,
				288173C524FA162300EBA564 /* DragOverCardView.swift in Sources */,
				28D58FC224CC0DBF0089C134 /* Tab1Main.swift in Sources */,
				28E1FE85250F81C900EB1AC2 /* UserInfo.swift in Sources */,
				280A8F8824EA6FAE00C4AD46 /* StampImageView.swift in Sources */,
				2844017B25027D260055DB47 /* GridLayout.swift in Sources */,
				28D58FB724CC02DF0089C134 /* UserSetting.swift in Sources */,
				280A8F8624EA6E8E00C4AD46 /* ImageLoader.swift in Sources */,
				28D58F8524CBEF8B0089C134 /* ContentView.swift in Sources */,
				28CED99325109A3500A0AB5F /* WeatherInfo.swift in Sources */,
				2844017925025BFD0055DB47 /* BeaconDetailView.swift in Sources */,
				28D58FC924CC0E700089C134 /* Tab3Main.swift in Sources */,
				28CED9912510822A00A0AB5F /* RouteCardView.swift in Sources */,
				28D58FC724CC0E650089C134 /* Tab2Main.swift in Sources */,
				2897154F2515C0BB00BCBD33 /* TourMapView.swift in Sources */,
				28468B2424E188640098AD96 /* Pretreatment .swift in Sources */,
				28CDF7F424CC3198000EF9E9 /* ARSceneView.swift in Sources */,
			);
			runOnlyForDeploymentPostprocessing = 0;
		};
		28D58F8F24CBEF8D0089C134 /* Sources */ = {
			isa = PBXSourcesBuildPhase;
			buildActionMask = 2147483647;
			files = (
				28D58F9824CBEF8D0089C134 /* Aroha_SwiftUITests.swift in Sources */,
			);
			runOnlyForDeploymentPostprocessing = 0;
		};
		28D58F9A24CBEF8D0089C134 /* Sources */ = {
			isa = PBXSourcesBuildPhase;
			buildActionMask = 2147483647;
			files = (
				28D58FA324CBEF8D0089C134 /* Aroha_SwiftUIUITests.swift in Sources */,
			);
			runOnlyForDeploymentPostprocessing = 0;
		};
/* End PBXSourcesBuildPhase section */

/* Begin PBXTargetDependency section */
		28D58F9524CBEF8D0089C134 /* PBXTargetDependency */ = {
			isa = PBXTargetDependency;
			target = 28D58F7C24CBEF8B0089C134 /* Aroha_SwiftUI */;
			targetProxy = 28D58F9424CBEF8D0089C134 /* PBXContainerItemProxy */;
		};
		28D58FA024CBEF8D0089C134 /* PBXTargetDependency */ = {
			isa = PBXTargetDependency;
			target = 28D58F7C24CBEF8B0089C134 /* Aroha_SwiftUI */;
			targetProxy = 28D58F9F24CBEF8D0089C134 /* PBXContainerItemProxy */;
		};
/* End PBXTargetDependency section */

/* Begin PBXVariantGroup section */
		28D58F8B24CBEF8D0089C134 /* LaunchScreen.storyboard */ = {
			isa = PBXVariantGroup;
			children = (
				28D58F8C24CBEF8D0089C134 /* Base */,
			);
			name = LaunchScreen.storyboard;
			sourceTree = "<group>";
		};
/* End PBXVariantGroup section */

/* Begin XCBuildConfiguration section */
		28D58FA524CBEF8D0089C134 /* Debug */ = {
			isa = XCBuildConfiguration;
			buildSettings = {
				ALWAYS_SEARCH_USER_PATHS = NO;
				CLANG_ANALYZER_NONNULL = YES;
				CLANG_ANALYZER_NUMBER_OBJECT_CONVERSION = YES_AGGRESSIVE;
				CLANG_CXX_LANGUAGE_STANDARD = "gnu++14";
				CLANG_CXX_LIBRARY = "libc++";
				CLANG_ENABLE_MODULES = YES;
				CLANG_ENABLE_OBJC_ARC = YES;
				CLANG_ENABLE_OBJC_WEAK = YES;
				CLANG_WARN_BLOCK_CAPTURE_AUTORELEASING = YES;
				CLANG_WARN_BOOL_CONVERSION = YES;
				CLANG_WARN_COMMA = YES;
				CLANG_WARN_CONSTANT_CONVERSION = YES;
				CLANG_WARN_DEPRECATED_OBJC_IMPLEMENTATIONS = YES;
				CLANG_WARN_DIRECT_OBJC_ISA_USAGE = YES_ERROR;
				CLANG_WARN_DOCUMENTATION_COMMENTS = YES;
				CLANG_WARN_EMPTY_BODY = YES;
				CLANG_WARN_ENUM_CONVERSION = YES;
				CLANG_WARN_INFINITE_RECURSION = YES;
				CLANG_WARN_INT_CONVERSION = YES;
				CLANG_WARN_NON_LITERAL_NULL_CONVERSION = YES;
				CLANG_WARN_OBJC_IMPLICIT_RETAIN_SELF = YES;
				CLANG_WARN_OBJC_LITERAL_CONVERSION = YES;
				CLANG_WARN_OBJC_ROOT_CLASS = YES_ERROR;
				CLANG_WARN_RANGE_LOOP_ANALYSIS = YES;
				CLANG_WARN_STRICT_PROTOTYPES = YES;
				CLANG_WARN_SUSPICIOUS_MOVE = YES;
				CLANG_WARN_UNGUARDED_AVAILABILITY = YES_AGGRESSIVE;
				CLANG_WARN_UNREACHABLE_CODE = YES;
				CLANG_WARN__DUPLICATE_METHOD_MATCH = YES;
				COPY_PHASE_STRIP = NO;
				DEBUG_INFORMATION_FORMAT = dwarf;
				ENABLE_STRICT_OBJC_MSGSEND = YES;
				ENABLE_TESTABILITY = YES;
				GCC_C_LANGUAGE_STANDARD = gnu11;
				GCC_DYNAMIC_NO_PIC = NO;
				GCC_NO_COMMON_BLOCKS = YES;
				GCC_OPTIMIZATION_LEVEL = 0;
				GCC_PREPROCESSOR_DEFINITIONS = (
					"DEBUG=1",
					"$(inherited)",
				);
				GCC_WARN_64_TO_32_BIT_CONVERSION = YES;
				GCC_WARN_ABOUT_RETURN_TYPE = YES_ERROR;
				GCC_WARN_UNDECLARED_SELECTOR = YES;
				GCC_WARN_UNINITIALIZED_AUTOS = YES_AGGRESSIVE;
				GCC_WARN_UNUSED_FUNCTION = YES;
				GCC_WARN_UNUSED_VARIABLE = YES;
				IPHONEOS_DEPLOYMENT_TARGET = 13.5;
				MTL_ENABLE_DEBUG_INFO = INCLUDE_SOURCE;
				MTL_FAST_MATH = YES;
				ONLY_ACTIVE_ARCH = YES;
				SDKROOT = iphoneos;
				SWIFT_ACTIVE_COMPILATION_CONDITIONS = DEBUG;
				SWIFT_OPTIMIZATION_LEVEL = "-Onone";
			};
			name = Debug;
		};
		28D58FA624CBEF8D0089C134 /* Release */ = {
			isa = XCBuildConfiguration;
			buildSettings = {
				ALWAYS_SEARCH_USER_PATHS = NO;
				CLANG_ANALYZER_NONNULL = YES;
				CLANG_ANALYZER_NUMBER_OBJECT_CONVERSION = YES_AGGRESSIVE;
				CLANG_CXX_LANGUAGE_STANDARD = "gnu++14";
				CLANG_CXX_LIBRARY = "libc++";
				CLANG_ENABLE_MODULES = YES;
				CLANG_ENABLE_OBJC_ARC = YES;
				CLANG_ENABLE_OBJC_WEAK = YES;
				CLANG_WARN_BLOCK_CAPTURE_AUTORELEASING = YES;
				CLANG_WARN_BOOL_CONVERSION = YES;
				CLANG_WARN_COMMA = YES;
				CLANG_WARN_CONSTANT_CONVERSION = YES;
				CLANG_WARN_DEPRECATED_OBJC_IMPLEMENTATIONS = YES;
				CLANG_WARN_DIRECT_OBJC_ISA_USAGE = YES_ERROR;
				CLANG_WARN_DOCUMENTATION_COMMENTS = YES;
				CLANG_WARN_EMPTY_BODY = YES;
				CLANG_WARN_ENUM_CONVERSION = YES;
				CLANG_WARN_INFINITE_RECURSION = YES;
				CLANG_WARN_INT_CONVERSION = YES;
				CLANG_WARN_NON_LITERAL_NULL_CONVERSION = YES;
				CLANG_WARN_OBJC_IMPLICIT_RETAIN_SELF = YES;
				CLANG_WARN_OBJC_LITERAL_CONVERSION = YES;
				CLANG_WARN_OBJC_ROOT_CLASS = YES_ERROR;
				CLANG_WARN_RANGE_LOOP_ANALYSIS = YES;
				CLANG_WARN_STRICT_PROTOTYPES = YES;
				CLANG_WARN_SUSPICIOUS_MOVE = YES;
				CLANG_WARN_UNGUARDED_AVAILABILITY = YES_AGGRESSIVE;
				CLANG_WARN_UNREACHABLE_CODE = YES;
				CLANG_WARN__DUPLICATE_METHOD_MATCH = YES;
				COPY_PHASE_STRIP = NO;
				DEBUG_INFORMATION_FORMAT = "dwarf-with-dsym";
				ENABLE_NS_ASSERTIONS = NO;
				ENABLE_STRICT_OBJC_MSGSEND = YES;
				GCC_C_LANGUAGE_STANDARD = gnu11;
				GCC_NO_COMMON_BLOCKS = YES;
				GCC_WARN_64_TO_32_BIT_CONVERSION = YES;
				GCC_WARN_ABOUT_RETURN_TYPE = YES_ERROR;
				GCC_WARN_UNDECLARED_SELECTOR = YES;
				GCC_WARN_UNINITIALIZED_AUTOS = YES_AGGRESSIVE;
				GCC_WARN_UNUSED_FUNCTION = YES;
				GCC_WARN_UNUSED_VARIABLE = YES;
				IPHONEOS_DEPLOYMENT_TARGET = 13.5;
				MTL_ENABLE_DEBUG_INFO = NO;
				MTL_FAST_MATH = YES;
				SDKROOT = iphoneos;
				SWIFT_COMPILATION_MODE = wholemodule;
				SWIFT_OPTIMIZATION_LEVEL = "-O";
				VALIDATE_PRODUCT = YES;
			};
			name = Release;
		};
		28D58FA824CBEF8D0089C134 /* Debug */ = {
			isa = XCBuildConfiguration;
			baseConfigurationReference = BE1769C02AB3516D49C401E8 /* Pods-Aroha_SwiftUI.debug.xcconfig */;
			buildSettings = {
				ASSETCATALOG_COMPILER_APPICON_NAME = AppIcon;
				CODE_SIGN_STYLE = Automatic;
				DEVELOPMENT_ASSET_PATHS = "\"Aroha_SwiftUI/Preview Content\"";
				DEVELOPMENT_TEAM = 58F897TACF;
				ENABLE_PREVIEWS = YES;
				INFOPLIST_FILE = Aroha_SwiftUI/Info.plist;
				IPHONEOS_DEPLOYMENT_TARGET = 13.0;
				LD_RUNPATH_SEARCH_PATHS = (
					"$(inherited)",
					"@executable_path/Frameworks",
				);
				PRODUCT_BUNDLE_IDENTIFIER = "KIMSEONGHEON.Aroha-SwiftUI";
				PRODUCT_NAME = "$(TARGET_NAME)";
				SWIFT_VERSION = 5.0;
				TARGETED_DEVICE_FAMILY = "1,2";
			};
			name = Debug;
		};
		28D58FA924CBEF8D0089C134 /* Release */ = {
			isa = XCBuildConfiguration;
			baseConfigurationReference = 617B03C4E595FA2681F7F166 /* Pods-Aroha_SwiftUI.release.xcconfig */;
			buildSettings = {
				ASSETCATALOG_COMPILER_APPICON_NAME = AppIcon;
				CODE_SIGN_STYLE = Automatic;
				DEVELOPMENT_ASSET_PATHS = "\"Aroha_SwiftUI/Preview Content\"";
				DEVELOPMENT_TEAM = 58F897TACF;
				ENABLE_PREVIEWS = YES;
				INFOPLIST_FILE = Aroha_SwiftUI/Info.plist;
				IPHONEOS_DEPLOYMENT_TARGET = 13.0;
				LD_RUNPATH_SEARCH_PATHS = (
					"$(inherited)",
					"@executable_path/Frameworks",
				);
				PRODUCT_BUNDLE_IDENTIFIER = "KIMSEONGHEON.Aroha-SwiftUI";
				PRODUCT_NAME = "$(TARGET_NAME)";
				SWIFT_VERSION = 5.0;
				TARGETED_DEVICE_FAMILY = "1,2";
			};
			name = Release;
		};
		28D58FAB24CBEF8D0089C134 /* Debug */ = {
			isa = XCBuildConfiguration;
			baseConfigurationReference = 9F5A242255CF4069479DB863 /* Pods-Aroha_SwiftUITests.debug.xcconfig */;
			buildSettings = {
				ALWAYS_EMBED_SWIFT_STANDARD_LIBRARIES = YES;
				BUNDLE_LOADER = "$(TEST_HOST)";
				CODE_SIGN_STYLE = Automatic;
				DEVELOPMENT_TEAM = 8GX33365BF;
				INFOPLIST_FILE = Aroha_SwiftUITests/Info.plist;
				IPHONEOS_DEPLOYMENT_TARGET = 13.5;
				LD_RUNPATH_SEARCH_PATHS = (
					"$(inherited)",
					"@executable_path/Frameworks",
					"@loader_path/Frameworks",
				);
				PRODUCT_BUNDLE_IDENTIFIER = "KIMSEONGHEON.Aroha-SwiftUITests";
				PRODUCT_NAME = "$(TARGET_NAME)";
				SWIFT_VERSION = 5.0;
				TARGETED_DEVICE_FAMILY = "1,2";
				TEST_HOST = "$(BUILT_PRODUCTS_DIR)/Aroha_SwiftUI.app/Aroha_SwiftUI";
			};
			name = Debug;
		};
		28D58FAC24CBEF8D0089C134 /* Release */ = {
			isa = XCBuildConfiguration;
			baseConfigurationReference = 5C6478A7FDB49E58ADBFCF8E /* Pods-Aroha_SwiftUITests.release.xcconfig */;
			buildSettings = {
				ALWAYS_EMBED_SWIFT_STANDARD_LIBRARIES = YES;
				BUNDLE_LOADER = "$(TEST_HOST)";
				CODE_SIGN_STYLE = Automatic;
				DEVELOPMENT_TEAM = 8GX33365BF;
				INFOPLIST_FILE = Aroha_SwiftUITests/Info.plist;
				IPHONEOS_DEPLOYMENT_TARGET = 13.5;
				LD_RUNPATH_SEARCH_PATHS = (
					"$(inherited)",
					"@executable_path/Frameworks",
					"@loader_path/Frameworks",
				);
				PRODUCT_BUNDLE_IDENTIFIER = "KIMSEONGHEON.Aroha-SwiftUITests";
				PRODUCT_NAME = "$(TARGET_NAME)";
				SWIFT_VERSION = 5.0;
				TARGETED_DEVICE_FAMILY = "1,2";
				TEST_HOST = "$(BUILT_PRODUCTS_DIR)/Aroha_SwiftUI.app/Aroha_SwiftUI";
			};
			name = Release;
		};
		28D58FAE24CBEF8D0089C134 /* Debug */ = {
			isa = XCBuildConfiguration;
			baseConfigurationReference = 571D81CDFCC604E3B9469B47 /* Pods-Aroha_SwiftUI-Aroha_SwiftUIUITests.debug.xcconfig */;
			buildSettings = {
				ALWAYS_EMBED_SWIFT_STANDARD_LIBRARIES = YES;
				CODE_SIGN_STYLE = Automatic;
				DEVELOPMENT_TEAM = 8GX33365BF;
				INFOPLIST_FILE = Aroha_SwiftUIUITests/Info.plist;
				LD_RUNPATH_SEARCH_PATHS = (
					"$(inherited)",
					"@executable_path/Frameworks",
					"@loader_path/Frameworks",
				);
				PRODUCT_BUNDLE_IDENTIFIER = "KIMSEONGHEON.Aroha-SwiftUIUITests";
				PRODUCT_NAME = "$(TARGET_NAME)";
				SWIFT_VERSION = 5.0;
				TARGETED_DEVICE_FAMILY = "1,2";
				TEST_TARGET_NAME = Aroha_SwiftUI;
			};
			name = Debug;
		};
		28D58FAF24CBEF8D0089C134 /* Release */ = {
			isa = XCBuildConfiguration;
			baseConfigurationReference = 8F8B36767FDFEC37C25BBD46 /* Pods-Aroha_SwiftUI-Aroha_SwiftUIUITests.release.xcconfig */;
			buildSettings = {
				ALWAYS_EMBED_SWIFT_STANDARD_LIBRARIES = YES;
				CODE_SIGN_STYLE = Automatic;
				DEVELOPMENT_TEAM = 8GX33365BF;
				INFOPLIST_FILE = Aroha_SwiftUIUITests/Info.plist;
				LD_RUNPATH_SEARCH_PATHS = (
					"$(inherited)",
					"@executable_path/Frameworks",
					"@loader_path/Frameworks",
				);
				PRODUCT_BUNDLE_IDENTIFIER = "KIMSEONGHEON.Aroha-SwiftUIUITests";
				PRODUCT_NAME = "$(TARGET_NAME)";
				SWIFT_VERSION = 5.0;
				TARGETED_DEVICE_FAMILY = "1,2";
				TEST_TARGET_NAME = Aroha_SwiftUI;
			};
			name = Release;
		};
/* End XCBuildConfiguration section */

/* Begin XCConfigurationList section */
		28D58F7824CBEF8B0089C134 /* Build configuration list for PBXProject "Aroha_SwiftUI" */ = {
			isa = XCConfigurationList;
			buildConfigurations = (
				28D58FA524CBEF8D0089C134 /* Debug */,
				28D58FA624CBEF8D0089C134 /* Release */,
			);
			defaultConfigurationIsVisible = 0;
			defaultConfigurationName = Release;
		};
		28D58FA724CBEF8D0089C134 /* Build configuration list for PBXNativeTarget "Aroha_SwiftUI" */ = {
			isa = XCConfigurationList;
			buildConfigurations = (
				28D58FA824CBEF8D0089C134 /* Debug */,
				28D58FA924CBEF8D0089C134 /* Release */,
			);
			defaultConfigurationIsVisible = 0;
			defaultConfigurationName = Release;
		};
		28D58FAA24CBEF8D0089C134 /* Build configuration list for PBXNativeTarget "Aroha_SwiftUITests" */ = {
			isa = XCConfigurationList;
			buildConfigurations = (
				28D58FAB24CBEF8D0089C134 /* Debug */,
				28D58FAC24CBEF8D0089C134 /* Release */,
			);
			defaultConfigurationIsVisible = 0;
			defaultConfigurationName = Release;
		};
		28D58FAD24CBEF8D0089C134 /* Build configuration list for PBXNativeTarget "Aroha_SwiftUIUITests" */ = {
			isa = XCConfigurationList;
			buildConfigurations = (
				28D58FAE24CBEF8D0089C134 /* Debug */,
				28D58FAF24CBEF8D0089C134 /* Release */,
			);
			defaultConfigurationIsVisible = 0;
			defaultConfigurationName = Release;
		};
/* End XCConfigurationList section */
	};
	rootObject = 28D58F7524CBEF8B0089C134 /* Project object */;
}
